
Microsoft Visual Studio Solution File, Format Version 12.00
# Visual Studio 15
VisualStudioVersion = 15.0.28010.2016
MinimumVisualStudioVersion = 10.0.40219.1
Project("{9A19103F-16F7-4668-BE54-9A1E7A4F7556}") = "CustomerSegmentation.Train", "CustomerSegmentation.Train\CustomerSegmentation.Train.csproj", "{9157F1D4-156F-4C4F-BF5E-EF06994D78BD}"
EndProject
Project("{9A19103F-16F7-4668-BE54-9A1E7A4F7556}") = "CustomerSegmentation.Predict", "CustomerSegmentation.Predict\CustomerSegmentation.Predict.csproj", "{4C239D9C-E8BE-41DB-B2FA-48ADAEAC2AB5}"
EndProject
Global
	GlobalSection(SolutionConfigurationPlatforms) = preSolution
		Debug|Any CPU = Debug|Any CPU
		Release|Any CPU = Release|Any CPU
	EndGlobalSection
	GlobalSection(ProjectConfigurationPlatforms) = postSolution
		{9157F1D4-156F-4C4F-BF5E-EF06994D78BD}.Debug|Any CPU.ActiveCfg = Debug|Any CPU
		{9157F1D4-156F-4C4F-BF5E-EF06994D78BD}.Debug|Any CPU.Build.0 = Debug|Any CPU
		{9157F1D4-156F-4C4F-BF5E-EF06994D78BD}.Release|Any CPU.ActiveCfg = Release|Any CPU
		{9157F1D4-156F-4C4F-BF5E-EF06994D78BD}.Release|Any CPU.Build.0 = Release|Any CPU
		{4C239D9C-E8BE-41DB-B2FA-48ADAEAC2AB5}.Debug|Any CPU.ActiveCfg = Debug|Any CPU
		{4C239D9C-E8BE-41DB-B2FA-48ADAEAC2AB5}.Debug|Any CPU.Build.0 = Debug|Any CPU
		{4C239D9C-E8BE-41DB-B2FA-48ADAEAC2AB5}.Release|Any CPU.ActiveCfg = Release|Any CPU
		{4C239D9C-E8BE-41DB-B2FA-48ADAEAC2AB5}.Release|Any CPU.Build.0 = Release|Any CPU
	EndGlobalSection
	GlobalSection(SolutionProperties) = preSolution
		HideSolutionNode = FALSE
	EndGlobalSection
	GlobalSection(ExtensibilityGlobals) = postSolution
		SolutionGuid = {2D935C06-300C-4096-B704-97DE2D82F97A}
	EndGlobalSection
EndGlobal
