
Microsoft Visual Studio Solution File, Format Version 12.00
# Visual Studio 15
VisualStudioVersion = 15.0.28307.438
MinimumVisualStudioVersion = 10.0.40219.1
Project("{FAE04EC0-301F-11D3-BF4B-00C04F79EFBC}") = "PowerAnomalyDetection", "PowerAnomalyDetection\PowerAnomalyDetection.csproj", "{AD86BF81-1064-4060-850C-AFA168BE2F8D}"
EndProject
Global
	GlobalSection(SolutionConfigurationPlatforms) = preSolution
		Debug|Any CPU = Debug|Any CPU
		Release|Any CPU = Release|Any CPU
	EndGlobalSection
	GlobalSection(ProjectConfigurationPlatforms) = postSolution
		{AD86BF81-1064-4060-850C-AFA168BE2F8D}.Debug|Any CPU.ActiveCfg = Debug|Any CPU
		{AD86BF81-1064-4060-850C-AFA168BE2F8D}.Debug|Any CPU.Build.0 = Debug|Any CPU
		{AD86BF81-1064-4060-850C-AFA168BE2F8D}.Release|Any CPU.ActiveCfg = Release|Any CPU
		{AD86BF81-1064-4060-850C-AFA168BE2F8D}.Release|Any CPU.Build.0 = Release|Any CPU
	EndGlobalSection
	GlobalSection(SolutionProperties) = preSolution
		HideSolutionNode = FALSE
	EndGlobalSection
	GlobalSection(ExtensibilityGlobals) = postSolution
		SolutionGuid = {FE79C243-836C-4EE2-8A41-3B9ADB48DBF3}
	EndGlobalSection
EndGlobal
