
Microsoft Visual Studio Solution File, Format Version 12.00
# Visual Studio 15
VisualStudioVersion = 15.0.27703.2026
MinimumVisualStudioVersion = 10.0.40219.1
Project("{FAE04EC0-301F-11D3-BF4B-00C04F79EFBC}") = "MovieRecommendation", "MovieRecommendation\MovieRecommendation.csproj", "{D28FA6CA-8399-4449-BFC2-8824734CA343}"
EndProject
Global
	GlobalSection(SolutionConfigurationPlatforms) = preSolution
		Debug|Any CPU = Debug|Any CPU
		Release|Any CPU = Release|Any CPU
	EndGlobalSection
	GlobalSection(ProjectConfigurationPlatforms) = postSolution
		{D28FA6CA-8399-4449-BFC2-8824734CA343}.Debug|Any CPU.ActiveCfg = Debug|Any CPU
		{D28FA6CA-8399-4449-BFC2-8824734CA343}.Debug|Any CPU.Build.0 = Debug|Any CPU
		{D28FA6CA-8399-4449-BFC2-8824734CA343}.Release|Any CPU.ActiveCfg = Release|Any CPU
		{D28FA6CA-8399-4449-BFC2-8824734CA343}.Release|Any CPU.Build.0 = Release|Any CPU
	EndGlobalSection
	GlobalSection(SolutionProperties) = preSolution
		HideSolutionNode = FALSE
	EndGlobalSection
	GlobalSection(ExtensibilityGlobals) = postSolution
		SolutionGuid = {66DA20ED-F88C-4748-B132-567BBCD171CD}
	EndGlobalSection
EndGlobal
