
Microsoft Visual Studio Solution File, Format Version 12.00
# Visual Studio Version 16
VisualStudioVersion = 16.0.28803.452
MinimumVisualStudioVersion = 10.0.40219.1
Project("{9A19103F-16F7-4668-BE54-9A1E7A4F7556}") = "LargeDatasets", "LargeDatasets\LargeDatasets.csproj", "{3EF000C4-725B-4FF0-B6C9-60F3D6EB877E}"
EndProject
Global
	GlobalSection(SolutionConfigurationPlatforms) = preSolution
		Debug|Any CPU = Debug|Any CPU
		Release|Any CPU = Release|Any CPU
	EndGlobalSection
	GlobalSection(ProjectConfigurationPlatforms) = postSolution
		{3EF000C4-725B-4FF0-B6C9-60F3D6EB877E}.Debug|Any CPU.ActiveCfg = Debug|Any CPU
		{3EF000C4-725B-4FF0-B6C9-60F3D6EB877E}.Debug|Any CPU.Build.0 = Debug|Any CPU
		{3EF000C4-725B-4FF0-B6C9-60F3D6EB877E}.Release|Any CPU.ActiveCfg = Release|Any CPU
		{3EF000C4-725B-4FF0-B6C9-60F3D6EB877E}.Release|Any CPU.Build.0 = Release|Any CPU
	EndGlobalSection
	GlobalSection(SolutionProperties) = preSolution
		HideSolutionNode = FALSE
	EndGlobalSection
	GlobalSection(ExtensibilityGlobals) = postSolution
		SolutionGuid = {33DE4C5F-466D-4A62-8343-1FDC688699AA}
	EndGlobalSection
EndGlobal
