
Microsoft Visual Studio Solution File, Format Version 12.00
# Visual Studio 15
VisualStudioVersion = 15.0.27130.0
MinimumVisualStudioVersion = 10.0.40219.1
Project("{888888A0-9F3D-457C-B088-3A5042F75D52}") = "StyleTransferTraining", "StyleTransferTraining\StyleTransferTraining.pyproj", "{CA9B2877-7A9D-440A-BCB5-8F0F32CA7DFF}"
EndProject
Project("{2150E333-8FDC-42A3-9474-1A3956D46DE8}") = "Solution Items", "Solution Items", "{F1D1F538-A988-41E6-A041-D891776B2B5F}"
	ProjectSection(SolutionItems) = preProject
		Readme.md = Readme.md
	EndProjectSection
EndProject
Global
	GlobalSection(SolutionConfigurationPlatforms) = preSolution
		Debug|Any CPU = Debug|Any CPU
		Release|Any CPU = Release|Any CPU
	EndGlobalSection
	GlobalSection(ProjectConfigurationPlatforms) = postSolution
		{CA9B2877-7A9D-440A-BCB5-8F0F32CA7DFF}.Debug|Any CPU.ActiveCfg = Debug|Any CPU
		{CA9B2877-7A9D-440A-BCB5-8F0F32CA7DFF}.Release|Any CPU.ActiveCfg = Release|Any CPU
	EndGlobalSection
	GlobalSection(SolutionProperties) = preSolution
		HideSolutionNode = FALSE
	EndGlobalSection
	GlobalSection(ExtensibilityGlobals) = postSolution
		SolutionGuid = {E318D1BC-394A-474D-80CF-1D5DBEB2909F}
	EndGlobalSection
EndGlobal
