
Microsoft Visual Studio Solution File, Format Version 12.00
# Visual Studio Version 16
VisualStudioVersion = 16.0.28803.452
MinimumVisualStudioVersion = 10.0.40219.1
Project("{9A19103F-16F7-4668-BE54-9A1E7A4F7556}") = "SqlServerDbIntegration", "SqlServerDBIntegration\SqlServerDbIntegration.csproj", "{3DEEE0B7-B073-4061-96DC-D4277EE4D32B}"
EndProject
Global
	GlobalSection(SolutionConfigurationPlatforms) = preSolution
		Debug|Any CPU = Debug|Any CPU
		Release|Any CPU = Release|Any CPU
	EndGlobalSection
	GlobalSection(ProjectConfigurationPlatforms) = postSolution
		{3DEEE0B7-B073-4061-96DC-D4277EE4D32B}.Debug|Any CPU.ActiveCfg = Debug|Any CPU
		{3DEEE0B7-B073-4061-96DC-D4277EE4D32B}.Debug|Any CPU.Build.0 = Debug|Any CPU
		{3DEEE0B7-B073-4061-96DC-D4277EE4D32B}.Release|Any CPU.ActiveCfg = Release|Any CPU
		{3DEEE0B7-B073-4061-96DC-D4277EE4D32B}.Release|Any CPU.Build.0 = Release|Any CPU
	EndGlobalSection
	GlobalSection(SolutionProperties) = preSolution
		HideSolutionNode = FALSE
	EndGlobalSection
	GlobalSection(ExtensibilityGlobals) = postSolution
		SolutionGuid = {5B3ACA76-DA8A-40E8-A097-B51EF1BB9D12}
	EndGlobalSection
EndGlobal
