
Microsoft Visual Studio Solution File, Format Version 12.00
# Visual Studio Version 17
VisualStudioVersion = 17.0.32112.339
MinimumVisualStudioVersion = 10.0.40219.1
Project("{6EC3EE1D-3C4E-46DD-8F32-0CC8E7565705}") = "SentimentAnalysis", "SentimentAnalysis\SentimentAnalysis.fsproj", "{601F9E46-063C-4599-80E5-152B511060A5}"
EndProject
Global
	GlobalSection(SolutionConfigurationPlatforms) = preSolution
		Debug|Any CPU = Debug|Any CPU
		Release|Any CPU = Release|Any CPU
	EndGlobalSection
	GlobalSection(ProjectConfigurationPlatforms) = postSolution
		{601F9E46-063C-4599-80E5-152B511060A5}.Debug|Any CPU.ActiveCfg = Debug|Any CPU
		{601F9E46-063C-4599-80E5-152B511060A5}.Debug|Any CPU.Build.0 = Debug|Any CPU
		{601F9E46-063C-4599-80E5-152B511060A5}.Release|Any CPU.ActiveCfg = Release|Any CPU
		{601F9E46-063C-4599-80E5-152B511060A5}.Release|Any CPU.Build.0 = Release|Any CPU
	EndGlobalSection
	GlobalSection(SolutionProperties) = preSolution
		HideSolutionNode = FALSE
	EndGlobalSection
	GlobalSection(ExtensibilityGlobals) = postSolution
		SolutionGuid = {D1047A6C-6495-4065-8FAD-C29701B2907F}
	EndGlobalSection
EndGlobal
