
Microsoft Visual Studio Solution File, Format Version 12.00
# Visual Studio 15
VisualStudioVersion = 15.0.28307.539
MinimumVisualStudioVersion = 10.0.40219.1
Project("{9A19103F-16F7-4668-BE54-9A1E7A4F7556}") = "SpikeDetectionModelTrainer", "SpikeDetection.ModelTrainer\SpikeDetectionModelTrainer.csproj", "{C330911C-52DF-4ACF-9C62-4F933A0D6CAC}"
EndProject
Global
	GlobalSection(SolutionConfigurationPlatforms) = preSolution
		Debug|Any CPU = Debug|Any CPU
		Debug|x64 = Debug|x64
		Release|Any CPU = Release|Any CPU
		Release|x64 = Release|x64
	EndGlobalSection
	GlobalSection(ProjectConfigurationPlatforms) = postSolution
		{C330911C-52DF-4ACF-9C62-4F933A0D6CAC}.Debug|Any CPU.ActiveCfg = Debug|Any CPU
		{C330911C-52DF-4ACF-9C62-4F933A0D6CAC}.Debug|Any CPU.Build.0 = Debug|Any CPU
		{C330911C-52DF-4ACF-9C62-4F933A0D6CAC}.Debug|x64.ActiveCfg = Debug|Any CPU
		{C330911C-52DF-4ACF-9C62-4F933A0D6CAC}.Debug|x64.Build.0 = Debug|Any CPU
		{C330911C-52DF-4ACF-9C62-4F933A0D6CAC}.Release|Any CPU.ActiveCfg = Release|Any CPU
		{C330911C-52DF-4ACF-9C62-4F933A0D6CAC}.Release|Any CPU.Build.0 = Release|Any CPU
		{C330911C-52DF-4ACF-9C62-4F933A0D6CAC}.Release|x64.ActiveCfg = Release|Any CPU
		{C330911C-52DF-4ACF-9C62-4F933A0D6CAC}.Release|x64.Build.0 = Release|Any CPU
	EndGlobalSection
	GlobalSection(SolutionProperties) = preSolution
		HideSolutionNode = FALSE
	EndGlobalSection
	GlobalSection(ExtensibilityGlobals) = postSolution
		SolutionGuid = {6EFEA7B9-262A-4312-A559-DC88A56734D2}
	EndGlobalSection
EndGlobal
