
Microsoft Visual Studio Solution File, Format Version 12.00
# Visual Studio Version 16
VisualStudioVersion = 16.0.28803.202
MinimumVisualStudioVersion = 10.0.40219.1
Project("{9A19103F-16F7-4668-BE54-9A1E7A4F7556}") = "TaxiFarePrediction", "TaxiFarePrediction\TaxiFarePredictionConsoleApp\TaxiFarePrediction.csproj", "{A42AB956-F333-4A8E-9022-B9B5F298AC58}"
EndProject
Project("{9A19103F-16F7-4668-BE54-9A1E7A4F7556}") = "TaxiFarePrediction.Test", "TaxiFarePrediction.Test\TaxiFarePrediction.Test.csproj", "{54FABAAE-4732-4A50-8B88-DAEC16AE9746}"
EndProject
Project("{FAE04EC0-301F-11D3-BF4B-00C04F79EFBC}") = "TaxiFarePrediction.Explainability", "TaxiFarePrediction.Explainability\TaxiFarePrediction.Explainability.csproj", "{B42F17AE-5370-4E7D-B1B9-CC283ACEE2BC}"
EndProject
Global
	GlobalSection(SolutionConfigurationPlatforms) = preSolution
		Debug|Any CPU = Debug|Any CPU
		Debug|x64 = Debug|x64
		Release|Any CPU = Release|Any CPU
		Release|x64 = Release|x64
	EndGlobalSection
	GlobalSection(ProjectConfigurationPlatforms) = postSolution
		{A42AB956-F333-4A8E-9022-B9B5F298AC58}.Debug|Any CPU.ActiveCfg = Debug|Any CPU
		{A42AB956-F333-4A8E-9022-B9B5F298AC58}.Debug|Any CPU.Build.0 = Debug|Any CPU
		{A42AB956-F333-4A8E-9022-B9B5F298AC58}.Debug|x64.ActiveCfg = Debug|x64
		{A42AB956-F333-4A8E-9022-B9B5F298AC58}.Debug|x64.Build.0 = Debug|x64
		{A42AB956-F333-4A8E-9022-B9B5F298AC58}.Release|Any CPU.ActiveCfg = Release|Any CPU
		{A42AB956-F333-4A8E-9022-B9B5F298AC58}.Release|Any CPU.Build.0 = Release|Any CPU
		{A42AB956-F333-4A8E-9022-B9B5F298AC58}.Release|x64.ActiveCfg = Release|x64
		{A42AB956-F333-4A8E-9022-B9B5F298AC58}.Release|x64.Build.0 = Release|x64
		{54FABAAE-4732-4A50-8B88-DAEC16AE9746}.Debug|Any CPU.ActiveCfg = Debug|Any CPU
		{54FABAAE-4732-4A50-8B88-DAEC16AE9746}.Debug|Any CPU.Build.0 = Debug|Any CPU
		{54FABAAE-4732-4A50-8B88-DAEC16AE9746}.Debug|x64.ActiveCfg = Debug|Any CPU
		{54FABAAE-4732-4A50-8B88-DAEC16AE9746}.Debug|x64.Build.0 = Debug|Any CPU
		{54FABAAE-4732-4A50-8B88-DAEC16AE9746}.Release|Any CPU.ActiveCfg = Release|Any CPU
		{54FABAAE-4732-4A50-8B88-DAEC16AE9746}.Release|Any CPU.Build.0 = Release|Any CPU
		{54FABAAE-4732-4A50-8B88-DAEC16AE9746}.Release|x64.ActiveCfg = Release|Any CPU
		{54FABAAE-4732-4A50-8B88-DAEC16AE9746}.Release|x64.Build.0 = Release|Any CPU
		{B42F17AE-5370-4E7D-B1B9-CC283ACEE2BC}.Debug|Any CPU.ActiveCfg = Debug|Any CPU
		{B42F17AE-5370-4E7D-B1B9-CC283ACEE2BC}.Debug|Any CPU.Build.0 = Debug|Any CPU
		{B42F17AE-5370-4E7D-B1B9-CC283ACEE2BC}.Debug|x64.ActiveCfg = Debug|x64
		{B42F17AE-5370-4E7D-B1B9-CC283ACEE2BC}.Debug|x64.Build.0 = Debug|x64
		{B42F17AE-5370-4E7D-B1B9-CC283ACEE2BC}.Release|Any CPU.ActiveCfg = Release|Any CPU
		{B42F17AE-5370-4E7D-B1B9-CC283ACEE2BC}.Release|Any CPU.Build.0 = Release|Any CPU
		{B42F17AE-5370-4E7D-B1B9-CC283ACEE2BC}.Release|x64.ActiveCfg = Release|x64
		{B42F17AE-5370-4E7D-B1B9-CC283ACEE2BC}.Release|x64.Build.0 = Release|x64
	EndGlobalSection
	GlobalSection(SolutionProperties) = preSolution
		HideSolutionNode = FALSE
	EndGlobalSection
	GlobalSection(ExtensibilityGlobals) = postSolution
		SolutionGuid = {03B2ECD4-DB23-45C5-B653-8143F58FACB2}
	EndGlobalSection
EndGlobal
