
Microsoft Visual Studio Solution File, Format Version 12.00
# Visual Studio 15
VisualStudioVersion = 15.0.28010.2048
MinimumVisualStudioVersion = 10.0.40219.1
Project("{FAE04EC0-301F-11D3-BF4B-00C04F79EFBC}") = "StyleTransfer.Web", "StyleTransfer.Web\StyleTransfer.Web.csproj", "{E9372BA2-949E-42B0-B4AF-92836F939E08}"
EndProject
Global
	GlobalSection(SolutionConfigurationPlatforms) = preSolution
		Debug|Any CPU = Debug|Any CPU
		Release|Any CPU = Release|Any CPU
	EndGlobalSection
	GlobalSection(ProjectConfigurationPlatforms) = postSolution
		{E9372BA2-949E-42B0-B4AF-92836F939E08}.Debug|Any CPU.ActiveCfg = Debug|Any CPU
		{E9372BA2-949E-42B0-B4AF-92836F939E08}.Debug|Any CPU.Build.0 = Debug|Any CPU
		{E9372BA2-949E-42B0-B4AF-92836F939E08}.Release|Any CPU.ActiveCfg = Release|Any CPU
		{E9372BA2-949E-42B0-B4AF-92836F939E08}.Release|Any CPU.Build.0 = Release|Any CPU
	EndGlobalSection
	GlobalSection(SolutionProperties) = preSolution
		HideSolutionNode = FALSE
	EndGlobalSection
	GlobalSection(ExtensibilityGlobals) = postSolution
		SolutionGuid = {9BCB1902-6BEA-41AF-AC32-0C4CBAF9D817}
	EndGlobalSection
EndGlobal
