
Microsoft Visual Studio Solution File, Format Version 12.00
# Visual Studio 15
VisualStudioVersion = 15.0.27703.2000
MinimumVisualStudioVersion = 10.0.40219.1
Project("{9A19103F-16F7-4668-BE54-9A1E7A4F7556}") = "Regression_TaxiFarePrediction", "Regression_TaxiFarePrediction\Regression_TaxiFarePrediction.fsproj", "{C7301D08-10E3-4A51-A70D-7C0BCB39F6E6}"
EndProject
Project("{9A19103F-16F7-4668-BE54-9A1E7A4F7556}") = "MulticlassClassification_Iris", "MulticlassClassification_Iris\MulticlassClassification_Iris.fsproj", "{EEC2E07E-7482-4F37-8F7A-135EBDEC75B4}"
EndProject
Project("{9A19103F-16F7-4668-BE54-9A1E7A4F7556}") = "Clustering_Iris", "Clustering_Iris\Clustering_Iris.fsproj", "{F7E57F21-1CD6-4808-98F3-6D367672D4A5}"
EndProject
Project("{F2A71F9B-5D33-465A-A702-920D77279786}") = "BinaryClassification_SentimentAnalysis", "BinaryClassification_SentimentAnalysis\BinaryClassification_SentimentAnalysis.fsproj", "{7AE870E2-3C28-45F6-840B-FBCC3234FFE4}"
EndProject
Global
	GlobalSection(SolutionConfigurationPlatforms) = preSolution
		Debug|Any CPU = Debug|Any CPU
		Release|Any CPU = Release|Any CPU
	EndGlobalSection
	GlobalSection(ProjectConfigurationPlatforms) = postSolution
		{C7301D08-10E3-4A51-A70D-7C0BCB39F6E6}.Debug|Any CPU.ActiveCfg = Debug|Any CPU
		{C7301D08-10E3-4A51-A70D-7C0BCB39F6E6}.Debug|Any CPU.Build.0 = Debug|Any CPU
		{C7301D08-10E3-4A51-A70D-7C0BCB39F6E6}.Release|Any CPU.ActiveCfg = Release|Any CPU
		{C7301D08-10E3-4A51-A70D-7C0BCB39F6E6}.Release|Any CPU.Build.0 = Release|Any CPU
		{EEC2E07E-7482-4F37-8F7A-135EBDEC75B4}.Debug|Any CPU.ActiveCfg = Debug|Any CPU
		{EEC2E07E-7482-4F37-8F7A-135EBDEC75B4}.Debug|Any CPU.Build.0 = Debug|Any CPU
		{EEC2E07E-7482-4F37-8F7A-135EBDEC75B4}.Release|Any CPU.ActiveCfg = Release|Any CPU
		{EEC2E07E-7482-4F37-8F7A-135EBDEC75B4}.Release|Any CPU.Build.0 = Release|Any CPU
		{F7E57F21-1CD6-4808-98F3-6D367672D4A5}.Debug|Any CPU.ActiveCfg = Debug|Any CPU
		{F7E57F21-1CD6-4808-98F3-6D367672D4A5}.Debug|Any CPU.Build.0 = Debug|Any CPU
		{F7E57F21-1CD6-4808-98F3-6D367672D4A5}.Release|Any CPU.ActiveCfg = Release|Any CPU
		{F7E57F21-1CD6-4808-98F3-6D367672D4A5}.Release|Any CPU.Build.0 = Release|Any CPU
		{7AE870E2-3C28-45F6-840B-FBCC3234FFE4}.Debug|Any CPU.ActiveCfg = Debug|Any CPU
		{7AE870E2-3C28-45F6-840B-FBCC3234FFE4}.Debug|Any CPU.Build.0 = Debug|Any CPU
		{7AE870E2-3C28-45F6-840B-FBCC3234FFE4}.Release|Any CPU.ActiveCfg = Release|Any CPU
		{7AE870E2-3C28-45F6-840B-FBCC3234FFE4}.Release|Any CPU.Build.0 = Release|Any CPU
	EndGlobalSection
	GlobalSection(SolutionProperties) = preSolution
		HideSolutionNode = FALSE
	EndGlobalSection
	GlobalSection(ExtensibilityGlobals) = postSolution
		SolutionGuid = {B84E804C-06CA-45C8-9B9F-8F69CA930535}
	EndGlobalSection
EndGlobal
