
Microsoft Visual Studio Solution File, Format Version 12.00
# Visual Studio Version 17
VisualStudioVersion = 17.0.31717.71
MinimumVisualStudioVersion = 10.0.40219.1
Project("{FAE04EC0-301F-11D3-BF4B-00C04F79EFBC}") = "MovieRecommendation_ModelBuilder", "MovieRecommendation_ModelBuilder\MovieRecommendation_ModelBuilder.csproj", "{CD8A95DB-E37F-4B5D-B250-9E7689474E7A}"
EndProject
Project("{9A19103F-16F7-4668-BE54-9A1E7A4F7556}") = "MovieRecommender_Console", "MovieRecommender_Console\MovieRecommender_Console.csproj", "{78EDBEA7-A03F-44BE-8C27-629ECA9FC83E}"
EndProject
Project("{9A19103F-16F7-4668-BE54-9A1E7A4F7556}") = "MovieRecommender_WebApi", "MovieRecommender_WebApi\MovieRecommender_WebApi.csproj", "{72AAF5A5-A22A-4B9E-B1CF-0C032F4A28CC}"
EndProject
Global
	GlobalSection(SolutionConfigurationPlatforms) = preSolution
		Debug|Any CPU = Debug|Any CPU
		Release|Any CPU = Release|Any CPU
	EndGlobalSection
	GlobalSection(ProjectConfigurationPlatforms) = postSolution
		{CD8A95DB-E37F-4B5D-B250-9E7689474E7A}.Debug|Any CPU.ActiveCfg = Debug|Any CPU
		{CD8A95DB-E37F-4B5D-B250-9E7689474E7A}.Debug|Any CPU.Build.0 = Debug|Any CPU
		{CD8A95DB-E37F-4B5D-B250-9E7689474E7A}.Release|Any CPU.ActiveCfg = Release|Any CPU
		{CD8A95DB-E37F-4B5D-B250-9E7689474E7A}.Release|Any CPU.Build.0 = Release|Any CPU
		{78EDBEA7-A03F-44BE-8C27-629ECA9FC83E}.Debug|Any CPU.ActiveCfg = Debug|Any CPU
		{78EDBEA7-A03F-44BE-8C27-629ECA9FC83E}.Debug|Any CPU.Build.0 = Debug|Any CPU
		{78EDBEA7-A03F-44BE-8C27-629ECA9FC83E}.Release|Any CPU.ActiveCfg = Release|Any CPU
		{78EDBEA7-A03F-44BE-8C27-629ECA9FC83E}.Release|Any CPU.Build.0 = Release|Any CPU
		{72AAF5A5-A22A-4B9E-B1CF-0C032F4A28CC}.Debug|Any CPU.ActiveCfg = Debug|Any CPU
		{72AAF5A5-A22A-4B9E-B1CF-0C032F4A28CC}.Debug|Any CPU.Build.0 = Debug|Any CPU
		{72AAF5A5-A22A-4B9E-B1CF-0C032F4A28CC}.Release|Any CPU.ActiveCfg = Release|Any CPU
		{72AAF5A5-A22A-4B9E-B1CF-0C032F4A28CC}.Release|Any CPU.Build.0 = Release|Any CPU
	EndGlobalSection
	GlobalSection(SolutionProperties) = preSolution
		HideSolutionNode = FALSE
	EndGlobalSection
	GlobalSection(ExtensibilityGlobals) = postSolution
		SolutionGuid = {68972A1D-BAC6-4F18-B210-06314C4BC7BB}
	EndGlobalSection
EndGlobal
