
Microsoft Visual Studio Solution File, Format Version 12.00
# Visual Studio 15
VisualStudioVersion = 15.0.27428.2037
MinimumVisualStudioVersion = 10.0.40219.1
Project("{9A19103F-16F7-4668-BE54-9A1E7A4F7556}") = "GitHubLabeler", "GitHubLabeler\GitHubLabelerConsoleApp\GitHubLabeler.csproj", "{1296A739-CC96-48A3-9288-D10BC24CC950}"
EndProject
Global
	GlobalSection(SolutionConfigurationPlatforms) = preSolution
		Debug|Any CPU = Debug|Any CPU
		Release|Any CPU = Release|Any CPU
	EndGlobalSection
	GlobalSection(ProjectConfigurationPlatforms) = postSolution
		{1296A739-CC96-48A3-9288-D10BC24CC950}.Debug|Any CPU.ActiveCfg = Debug|Any CPU
		{1296A739-CC96-48A3-9288-D10BC24CC950}.Debug|Any CPU.Build.0 = Debug|Any CPU
		{1296A739-CC96-48A3-9288-D10BC24CC950}.Release|Any CPU.ActiveCfg = Release|Any CPU
		{1296A739-CC96-48A3-9288-D10BC24CC950}.Release|Any CPU.Build.0 = Release|Any CPU
	EndGlobalSection
	GlobalSection(SolutionProperties) = preSolution
		HideSolutionNode = FALSE
	EndGlobalSection
	GlobalSection(ExtensibilityGlobals) = postSolution
		SolutionGuid = {F6C47D7B-F777-435A-946D-493356FC3B7C}
	EndGlobalSection
EndGlobal
