
Microsoft Visual Studio Solution File, Format Version 12.00
# Visual Studio Version 16
VisualStudioVersion = 16.0.28803.202
MinimumVisualStudioVersion = 10.0.40219.1
Project("{9A19103F-16F7-4668-BE54-9A1E7A4F7556}") = "BlazorSentimentAnalysis.Server", "BlazorSentimentAnalysis.Server\BlazorSentimentAnalysis.Server.csproj", "{17019651-6789-4593-8885-694C36DF3816}"
EndProject
Project("{9A19103F-16F7-4668-BE54-9A1E7A4F7556}") = "BlazorSentimentAnalysis.Client", "BlazorSentimentAnalysis.Client\BlazorSentimentAnalysis.Client.csproj", "{073ECF79-0F2B-41FF-9062-C3BFBF3FF76C}"
EndProject
Global
	GlobalSection(SolutionConfigurationPlatforms) = preSolution
		Debug|Any CPU = Debug|Any CPU
		Release|Any CPU = Release|Any CPU
	EndGlobalSection
	GlobalSection(ProjectConfigurationPlatforms) = postSolution
		{17019651-6789-4593-8885-694C36DF3816}.Debug|Any CPU.ActiveCfg = Debug|Any CPU
		{17019651-6789-4593-8885-694C36DF3816}.Debug|Any CPU.Build.0 = Debug|Any CPU
		{17019651-6789-4593-8885-694C36DF3816}.Release|Any CPU.ActiveCfg = Release|Any CPU
		{17019651-6789-4593-8885-694C36DF3816}.Release|Any CPU.Build.0 = Release|Any CPU
		{073ECF79-0F2B-41FF-9062-C3BFBF3FF76C}.Debug|Any CPU.ActiveCfg = Debug|Any CPU
		{073ECF79-0F2B-41FF-9062-C3BFBF3FF76C}.Debug|Any CPU.Build.0 = Debug|Any CPU
		{073ECF79-0F2B-41FF-9062-C3BFBF3FF76C}.Release|Any CPU.ActiveCfg = Release|Any CPU
		{073ECF79-0F2B-41FF-9062-C3BFBF3FF76C}.Release|Any CPU.Build.0 = Release|Any CPU
	EndGlobalSection
	GlobalSection(SolutionProperties) = preSolution
		HideSolutionNode = FALSE
	EndGlobalSection
	GlobalSection(ExtensibilityGlobals) = postSolution
		SolutionGuid = {F35FBF59-DB15-4CC7-B806-EE27D69F06B1}
	EndGlobalSection
EndGlobal
