
Microsoft Visual Studio Solution File, Format Version 12.00
# Visual Studio Version 16
VisualStudioVersion = 16.0.32002.261
MinimumVisualStudioVersion = 10.0.40219.1
Project("{FAE04EC0-301F-11D3-BF4B-00C04F79EFBC}") = "XOR", "XOR\XORConsoleApp\XOR.csproj", "{0DC62C03-C225-444E-9986-A104F14882DD}"
EndProject
Global
	GlobalSection(SolutionConfigurationPlatforms) = preSolution
		Debug|Any CPU = Debug|Any CPU
		Release|Any CPU = Release|Any CPU
	EndGlobalSection
	GlobalSection(ProjectConfigurationPlatforms) = postSolution
		{0DC62C03-C225-444E-9986-A104F14882DD}.Debug|Any CPU.ActiveCfg = Debug|Any CPU
		{0DC62C03-C225-444E-9986-A104F14882DD}.Debug|Any CPU.Build.0 = Debug|Any CPU
		{0DC62C03-C225-444E-9986-A104F14882DD}.Release|Any CPU.ActiveCfg = Release|Any CPU
		{0DC62C03-C225-444E-9986-A104F14882DD}.Release|Any CPU.Build.0 = Release|Any CPU
	EndGlobalSection
	GlobalSection(SolutionProperties) = preSolution
		HideSolutionNode = FALSE
	EndGlobalSection
	GlobalSection(ExtensibilityGlobals) = postSolution
		SolutionGuid = {B8E5360F-D854-4009-AC1E-17BA4019650A}
	EndGlobalSection
EndGlobal
