
Microsoft Visual Studio Solution File, Format Version 12.00
# Visual Studio 15
VisualStudioVersion = 15.0.28307.438
MinimumVisualStudioVersion = 10.0.40219.1
Project("{9A19103F-16F7-4668-BE54-9A1E7A4F7556}") = "AnomalyDetection", "AnomalyDetection\AnomalyDetectionConsoleApp\AnomalyDetection.csproj", "{9604798D-A2F6-4E07-A9F8-8E2CBA45C2DD}"
EndProject
Global
	GlobalSection(SolutionConfigurationPlatforms) = preSolution
		Debug|Any CPU = Debug|Any CPU
		Release|Any CPU = Release|Any CPU
	EndGlobalSection
	GlobalSection(ProjectConfigurationPlatforms) = postSolution
		{9604798D-A2F6-4E07-A9F8-8E2CBA45C2DD}.Debug|Any CPU.ActiveCfg = Debug|Any CPU
		{9604798D-A2F6-4E07-A9F8-8E2CBA45C2DD}.Debug|Any CPU.Build.0 = Debug|Any CPU
		{9604798D-A2F6-4E07-A9F8-8E2CBA45C2DD}.Release|Any CPU.ActiveCfg = Release|Any CPU
		{9604798D-A2F6-4E07-A9F8-8E2CBA45C2DD}.Release|Any CPU.Build.0 = Release|Any CPU
	EndGlobalSection
	GlobalSection(SolutionProperties) = preSolution
		HideSolutionNode = FALSE
	EndGlobalSection
	GlobalSection(ExtensibilityGlobals) = postSolution
		SolutionGuid = {04829BD9-3AFA-47D0-8B99-28B41845F774}
	EndGlobalSection
EndGlobal
