
Microsoft Visual Studio Solution File, Format Version 12.00
# Visual Studio Version 16
VisualStudioVersion = 16.0.29403.142
MinimumVisualStudioVersion = 10.0.40219.1
Project("{FAE04EC0-301F-11D3-BF4B-00C04F79EFBC}") = "Forecasting_BikeSharingDemand", "Forecasting_BikeSharingDemand\Forecasting_BikeSharingDemand.csproj", "{577F173F-8FD1-4D89-A054-80B048D83BE7}"
EndProject
Global
	GlobalSection(SolutionConfigurationPlatforms) = preSolution
		Debug|Any CPU = Debug|Any CPU
		Release|Any CPU = Release|Any CPU
	EndGlobalSection
	GlobalSection(ProjectConfigurationPlatforms) = postSolution
		{577F173F-8FD1-4D89-A054-80B048D83BE7}.Debug|Any CPU.ActiveCfg = Debug|Any CPU
		{577F173F-8FD1-4D89-A054-80B048D83BE7}.Debug|Any CPU.Build.0 = Debug|Any CPU
		{577F173F-8FD1-4D89-A054-80B048D83BE7}.Release|Any CPU.ActiveCfg = Release|Any CPU
		{577F173F-8FD1-4D89-A054-80B048D83BE7}.Release|Any CPU.Build.0 = Release|Any CPU
	EndGlobalSection
	GlobalSection(SolutionProperties) = preSolution
		HideSolutionNode = FALSE
	EndGlobalSection
	GlobalSection(ExtensibilityGlobals) = postSolution
		SolutionGuid = {3926FF14-0F56-44B6-83E7-7AD2BA7BD96F}
	EndGlobalSection
EndGlobal
