
Microsoft Visual Studio Solution File, Format Version 12.00
# Visual Studio Version 16
VisualStudioVersion = 16.0.28803.202
MinimumVisualStudioVersion = 10.0.40219.1
Project("{9A19103F-16F7-4668-BE54-9A1E7A4F7556}") = "TFImageClassification", "TFImageClassification\TFImageClassification.csproj", "{A1F1D6DD-7AA0-4378-B9CB-CDFB0B460E93}"
EndProject
Global
	GlobalSection(SolutionConfigurationPlatforms) = preSolution
		Debug|Any CPU = Debug|Any CPU
		Release|Any CPU = Release|Any CPU
	EndGlobalSection
	GlobalSection(ProjectConfigurationPlatforms) = postSolution
		{A1F1D6DD-7AA0-4378-B9CB-CDFB0B460E93}.Debug|Any CPU.ActiveCfg = Debug|Any CPU
		{A1F1D6DD-7AA0-4378-B9CB-CDFB0B460E93}.Debug|Any CPU.Build.0 = Debug|Any CPU
		{A1F1D6DD-7AA0-4378-B9CB-CDFB0B460E93}.Release|Any CPU.ActiveCfg = Release|Any CPU
		{A1F1D6DD-7AA0-4378-B9CB-CDFB0B460E93}.Release|Any CPU.Build.0 = Release|Any CPU
	EndGlobalSection
	GlobalSection(SolutionProperties) = preSolution
		HideSolutionNode = FALSE
	EndGlobalSection
	GlobalSection(ExtensibilityGlobals) = postSolution
		SolutionGuid = {DE0DFEB0-7A11-4CA7-B471-F8D94F61ABF2}
	EndGlobalSection
EndGlobal
