
Microsoft Visual Studio Solution File, Format Version 12.00
# Visual Studio 15
VisualStudioVersion = 15.0.28307.779
MinimumVisualStudioVersion = 10.0.40219.1
Project("{9A19103F-16F7-4668-BE54-9A1E7A4F7556}") = "SentimentRazor", "SentimentRazor\SentimentRazor.csproj", "{C5B15F34-91FA-4D93-A553-DF5242B4DA00}"
EndProject
Project("{9A19103F-16F7-4668-BE54-9A1E7A4F7556}") = "SentimentRazorML.Model", "SentimentRazorML.Model\SentimentRazorML.Model.csproj", "{D3DD62B8-209B-4191-928A-266232702E8E}"
EndProject
Project("{9A19103F-16F7-4668-BE54-9A1E7A4F7556}") = "SentimentRazorML.ConsoleApp", "SentimentRazorML.ConsoleApp\SentimentRazorML.ConsoleApp.csproj", "{2D4C061F-A8E1-4242-9373-3AD534914730}"
EndProject
Global
	GlobalSection(SolutionConfigurationPlatforms) = preSolution
		Debug|Any CPU = Debug|Any CPU
		Release|Any CPU = Release|Any CPU
	EndGlobalSection
	GlobalSection(ProjectConfigurationPlatforms) = postSolution
		{C5B15F34-91FA-4D93-A553-DF5242B4DA00}.Debug|Any CPU.ActiveCfg = Debug|Any CPU
		{C5B15F34-91FA-4D93-A553-DF5242B4DA00}.Debug|Any CPU.Build.0 = Debug|Any CPU
		{C5B15F34-91FA-4D93-A553-DF5242B4DA00}.Release|Any CPU.ActiveCfg = Release|Any CPU
		{C5B15F34-91FA-4D93-A553-DF5242B4DA00}.Release|Any CPU.Build.0 = Release|Any CPU
		{D3DD62B8-209B-4191-928A-266232702E8E}.Debug|Any CPU.ActiveCfg = Debug|Any CPU
		{D3DD62B8-209B-4191-928A-266232702E8E}.Debug|Any CPU.Build.0 = Debug|Any CPU
		{D3DD62B8-209B-4191-928A-266232702E8E}.Release|Any CPU.ActiveCfg = Release|Any CPU
		{D3DD62B8-209B-4191-928A-266232702E8E}.Release|Any CPU.Build.0 = Release|Any CPU
		{2D4C061F-A8E1-4242-9373-3AD534914730}.Debug|Any CPU.ActiveCfg = Debug|Any CPU
		{2D4C061F-A8E1-4242-9373-3AD534914730}.Debug|Any CPU.Build.0 = Debug|Any CPU
		{2D4C061F-A8E1-4242-9373-3AD534914730}.Release|Any CPU.ActiveCfg = Release|Any CPU
		{2D4C061F-A8E1-4242-9373-3AD534914730}.Release|Any CPU.Build.0 = Release|Any CPU
	EndGlobalSection
	GlobalSection(SolutionProperties) = preSolution
		HideSolutionNode = FALSE
	EndGlobalSection
	GlobalSection(ExtensibilityGlobals) = postSolution
		SolutionGuid = {17515FD9-FD1E-4F18-AEBA-C76830108EFE}
	EndGlobalSection
EndGlobal
