
Microsoft Visual Studio Solution File, Format Version 12.00
# Visual Studio Version 16
VisualStudioVersion = 16.0.29123.88
MinimumVisualStudioVersion = 10.0.40219.1
Project("{2150E333-8FDC-42A3-9474-1A3956D46DE8}") = "src", "src", "{F395612F-24C7-4666-90B2-62E417033B4B}"
EndProject
Project("{9A19103F-16F7-4668-BE54-9A1E7A4F7556}") = "eShopDashboard", "src\eShopDashboard\eShopDashboard.csproj", "{29DB8569-F5D6-4190-9DF4-8D18CA0AABA8}"
EndProject
Project("{9A19103F-16F7-4668-BE54-9A1E7A4F7556}") = "eShopForecastModelsTrainer", "src\eShopForecastModelsTrainer\eShopForecastModelsTrainer.csproj", "{5AB1C510-FEF6-4930-AE05-D16AF802084D}"
EndProject
Project("{9A19103F-16F7-4668-BE54-9A1E7A4F7556}") = "Shared", "src\Shared\Shared.csproj", "{BAE5D60B-7632-44BA-9785-9716DCA9D84A}"
EndProject
Global
	GlobalSection(SolutionConfigurationPlatforms) = preSolution
		Debug|Any CPU = Debug|Any CPU
		Release|Any CPU = Release|Any CPU
	EndGlobalSection
	GlobalSection(ProjectConfigurationPlatforms) = postSolution
		{29DB8569-F5D6-4190-9DF4-8D18CA0AABA8}.Debug|Any CPU.ActiveCfg = Debug|Any CPU
		{29DB8569-F5D6-4190-9DF4-8D18CA0AABA8}.Debug|Any CPU.Build.0 = Debug|Any CPU
		{29DB8569-F5D6-4190-9DF4-8D18CA0AABA8}.Release|Any CPU.ActiveCfg = Release|Any CPU
		{29DB8569-F5D6-4190-9DF4-8D18CA0AABA8}.Release|Any CPU.Build.0 = Release|Any CPU
		{5AB1C510-FEF6-4930-AE05-D16AF802084D}.Debug|Any CPU.ActiveCfg = Debug|Any CPU
		{5AB1C510-FEF6-4930-AE05-D16AF802084D}.Debug|Any CPU.Build.0 = Debug|Any CPU
		{5AB1C510-FEF6-4930-AE05-D16AF802084D}.Release|Any CPU.ActiveCfg = Release|Any CPU
		{5AB1C510-FEF6-4930-AE05-D16AF802084D}.Release|Any CPU.Build.0 = Release|Any CPU
		{BAE5D60B-7632-44BA-9785-9716DCA9D84A}.Debug|Any CPU.ActiveCfg = Debug|Any CPU
		{BAE5D60B-7632-44BA-9785-9716DCA9D84A}.Debug|Any CPU.Build.0 = Debug|Any CPU
		{BAE5D60B-7632-44BA-9785-9716DCA9D84A}.Release|Any CPU.ActiveCfg = Release|Any CPU
		{BAE5D60B-7632-44BA-9785-9716DCA9D84A}.Release|Any CPU.Build.0 = Release|Any CPU
	EndGlobalSection
	GlobalSection(SolutionProperties) = preSolution
		HideSolutionNode = FALSE
	EndGlobalSection
	GlobalSection(NestedProjects) = preSolution
		{29DB8569-F5D6-4190-9DF4-8D18CA0AABA8} = {F395612F-24C7-4666-90B2-62E417033B4B}
		{5AB1C510-FEF6-4930-AE05-D16AF802084D} = {F395612F-24C7-4666-90B2-62E417033B4B}
		{BAE5D60B-7632-44BA-9785-9716DCA9D84A} = {F395612F-24C7-4666-90B2-62E417033B4B}
	EndGlobalSection
	GlobalSection(ExtensibilityGlobals) = postSolution
		SolutionGuid = {1E47A71B-4F99-48EA-9267-DEE93B23BA31}
	EndGlobalSection
EndGlobal
