
Microsoft Visual Studio Solution File, Format Version 12.00
# Visual Studio 15
VisualStudioVersion = 15.0.28307.705
MinimumVisualStudioVersion = 10.0.40219.1
Project("{9A19103F-16F7-4668-BE54-9A1E7A4F7556}") = "WebRanking", "WebRanking\WebRanking.csproj", "{D502394E-930B-401A-812F-2A996751B80A}"
EndProject
Global
	GlobalSection(SolutionConfigurationPlatforms) = preSolution
		Debug|Any CPU = Debug|Any CPU
		Release|Any CPU = Release|Any CPU
	EndGlobalSection
	GlobalSection(ProjectConfigurationPlatforms) = postSolution
		{D502394E-930B-401A-812F-2A996751B80A}.Debug|Any CPU.ActiveCfg = Debug|Any CPU
		{D502394E-930B-401A-812F-2A996751B80A}.Debug|Any CPU.Build.0 = Debug|Any CPU
		{D502394E-930B-401A-812F-2A996751B80A}.Release|Any CPU.ActiveCfg = Release|Any CPU
		{D502394E-930B-401A-812F-2A996751B80A}.Release|Any CPU.Build.0 = Release|Any CPU
	EndGlobalSection
	GlobalSection(SolutionProperties) = preSolution
		HideSolutionNode = FALSE
	EndGlobalSection
	GlobalSection(ExtensibilityGlobals) = postSolution
		SolutionGuid = {92FA42B0-28BF-4531-B744-F3125DAAC91A}
	EndGlobalSection
EndGlobal
