
Microsoft Visual Studio Solution File, Format Version 12.00
# Visual Studio 15
VisualStudioVersion = 15.0.28010.2026
MinimumVisualStudioVersion = 10.0.40219.1
Project("{9A19103F-16F7-4668-BE54-9A1E7A4F7556}") = "MovieRecommenderModel", "MovieRecommenderModel\MovieRecommenderModel.csproj", "{6C9B686E-1B0E-4475-9D1F-0F907D8F3C11}"
EndProject
Project("{9A19103F-16F7-4668-BE54-9A1E7A4F7556}") = "movierecommender", "..\AppCode\movierecommender\movierecommender.csproj", "{C6B22F34-9F17-4312-9771-6EB155B7A86D}"
EndProject
Global
	GlobalSection(SolutionConfigurationPlatforms) = preSolution
		Debug|Any CPU = Debug|Any CPU
		Release|Any CPU = Release|Any CPU
	EndGlobalSection
	GlobalSection(ProjectConfigurationPlatforms) = postSolution
		{6C9B686E-1B0E-4475-9D1F-0F907D8F3C11}.Debug|Any CPU.ActiveCfg = Debug|Any CPU
		{6C9B686E-1B0E-4475-9D1F-0F907D8F3C11}.Debug|Any CPU.Build.0 = Debug|Any CPU
		{6C9B686E-1B0E-4475-9D1F-0F907D8F3C11}.Release|Any CPU.ActiveCfg = Release|Any CPU
		{6C9B686E-1B0E-4475-9D1F-0F907D8F3C11}.Release|Any CPU.Build.0 = Release|Any CPU
		{C6B22F34-9F17-4312-9771-6EB155B7A86D}.Debug|Any CPU.ActiveCfg = Debug|Any CPU
		{C6B22F34-9F17-4312-9771-6EB155B7A86D}.Debug|Any CPU.Build.0 = Debug|Any CPU
		{C6B22F34-9F17-4312-9771-6EB155B7A86D}.Release|Any CPU.ActiveCfg = Release|Any CPU
		{C6B22F34-9F17-4312-9771-6EB155B7A86D}.Release|Any CPU.Build.0 = Release|Any CPU
	EndGlobalSection
	GlobalSection(SolutionProperties) = preSolution
		HideSolutionNode = FALSE
	EndGlobalSection
	GlobalSection(ExtensibilityGlobals) = postSolution
		SolutionGuid = {1B6C927E-FE5C-42F3-9DB1-F0A18D57417C}
	EndGlobalSection
EndGlobal
