
Microsoft Visual Studio Solution File, Format Version 12.00
# Visual Studio Version 16
VisualStudioVersion = 16.0.30011.22
MinimumVisualStudioVersion = 10.0.40219.1
Project("{FAE04EC0-301F-11D3-BF4B-00C04F79EFBC}") = "LandUseAPI", "LandUseAPI\LandUseAPI.csproj", "{072A985C-AFA3-4749-9ADC-44B8B8A86C43}"
EndProject
Project("{9A19103F-16F7-4668-BE54-9A1E7A4F7556}") = "LandUseML.Model", "LandUseML.Model\LandUseML.Model.csproj", "{DB539ACB-65AC-4729-BF36-1FE1B100DC8D}"
EndProject
Project("{9A19103F-16F7-4668-BE54-9A1E7A4F7556}") = "LandUseML.ConsoleApp", "LandUseML.ConsoleApp\LandUseML.ConsoleApp.csproj", "{C977DB56-3880-4245-AA0A-0B06DE3F8F73}"
EndProject
Project("{FAE04EC0-301F-11D3-BF4B-00C04F79EFBC}") = "LandUseUWP", "LandUseUWP\LandUseUWP.csproj", "{6743E603-A633-4A01-90B1-62667F58B0E3}"
EndProject
Global
	GlobalSection(SolutionConfigurationPlatforms) = preSolution
		Debug|Any CPU = Debug|Any CPU
		Debug|ARM = Debug|ARM
		Debug|ARM64 = Debug|ARM64
		Debug|x64 = Debug|x64
		Debug|x86 = Debug|x86
		Release|Any CPU = Release|Any CPU
		Release|ARM = Release|ARM
		Release|ARM64 = Release|ARM64
		Release|x64 = Release|x64
		Release|x86 = Release|x86
	EndGlobalSection
	GlobalSection(ProjectConfigurationPlatforms) = postSolution
		{072A985C-AFA3-4749-9ADC-44B8B8A86C43}.Debug|Any CPU.ActiveCfg = Debug|Any CPU
		{072A985C-AFA3-4749-9ADC-44B8B8A86C43}.Debug|Any CPU.Build.0 = Debug|Any CPU
		{072A985C-AFA3-4749-9ADC-44B8B8A86C43}.Debug|ARM.ActiveCfg = Debug|Any CPU
		{072A985C-AFA3-4749-9ADC-44B8B8A86C43}.Debug|ARM.Build.0 = Debug|Any CPU
		{072A985C-AFA3-4749-9ADC-44B8B8A86C43}.Debug|ARM64.ActiveCfg = Debug|Any CPU
		{072A985C-AFA3-4749-9ADC-44B8B8A86C43}.Debug|ARM64.Build.0 = Debug|Any CPU
		{072A985C-AFA3-4749-9ADC-44B8B8A86C43}.Debug|x64.ActiveCfg = Debug|Any CPU
		{072A985C-AFA3-4749-9ADC-44B8B8A86C43}.Debug|x64.Build.0 = Debug|Any CPU
		{072A985C-AFA3-4749-9ADC-44B8B8A86C43}.Debug|x86.ActiveCfg = Debug|Any CPU
		{072A985C-AFA3-4749-9ADC-44B8B8A86C43}.Debug|x86.Build.0 = Debug|Any CPU
		{072A985C-AFA3-4749-9ADC-44B8B8A86C43}.Release|Any CPU.ActiveCfg = Release|Any CPU
		{072A985C-AFA3-4749-9ADC-44B8B8A86C43}.Release|Any CPU.Build.0 = Release|Any CPU
		{072A985C-AFA3-4749-9ADC-44B8B8A86C43}.Release|ARM.ActiveCfg = Release|Any CPU
		{072A985C-AFA3-4749-9ADC-44B8B8A86C43}.Release|ARM.Build.0 = Release|Any CPU
		{072A985C-AFA3-4749-9ADC-44B8B8A86C43}.Release|ARM64.ActiveCfg = Release|Any CPU
		{072A985C-AFA3-4749-9ADC-44B8B8A86C43}.Release|ARM64.Build.0 = Release|Any CPU
		{072A985C-AFA3-4749-9ADC-44B8B8A86C43}.Release|x64.ActiveCfg = Release|Any CPU
		{072A985C-AFA3-4749-9ADC-44B8B8A86C43}.Release|x64.Build.0 = Release|Any CPU
		{072A985C-AFA3-4749-9ADC-44B8B8A86C43}.Release|x86.ActiveCfg = Release|Any CPU
		{072A985C-AFA3-4749-9ADC-44B8B8A86C43}.Release|x86.Build.0 = Release|Any CPU
		{DB539ACB-65AC-4729-BF36-1FE1B100DC8D}.Debug|Any CPU.ActiveCfg = Debug|Any CPU
		{DB539ACB-65AC-4729-BF36-1FE1B100DC8D}.Debug|Any CPU.Build.0 = Debug|Any CPU
		{DB539ACB-65AC-4729-BF36-1FE1B100DC8D}.Debug|ARM.ActiveCfg = Debug|Any CPU
		{DB539ACB-65AC-4729-BF36-1FE1B100DC8D}.Debug|ARM.Build.0 = Debug|Any CPU
		{DB539ACB-65AC-4729-BF36-1FE1B100DC8D}.Debug|ARM64.ActiveCfg = Debug|Any CPU
		{DB539ACB-65AC-4729-BF36-1FE1B100DC8D}.Debug|ARM64.Build.0 = Debug|Any CPU
		{DB539ACB-65AC-4729-BF36-1FE1B100DC8D}.Debug|x64.ActiveCfg = Debug|Any CPU
		{DB539ACB-65AC-4729-BF36-1FE1B100DC8D}.Debug|x64.Build.0 = Debug|Any CPU
		{DB539ACB-65AC-4729-BF36-1FE1B100DC8D}.Debug|x86.ActiveCfg = Debug|Any CPU
		{DB539ACB-65AC-4729-BF36-1FE1B100DC8D}.Debug|x86.Build.0 = Debug|Any CPU
		{DB539ACB-65AC-4729-BF36-1FE1B100DC8D}.Release|Any CPU.ActiveCfg = Release|Any CPU
		{DB539ACB-65AC-4729-BF36-1FE1B100DC8D}.Release|Any CPU.Build.0 = Release|Any CPU
		{DB539ACB-65AC-4729-BF36-1FE1B100DC8D}.Release|ARM.ActiveCfg = Release|Any CPU
		{DB539ACB-65AC-4729-BF36-1FE1B100DC8D}.Release|ARM.Build.0 = Release|Any CPU
		{DB539ACB-65AC-4729-BF36-1FE1B100DC8D}.Release|ARM64.ActiveCfg = Release|Any CPU
		{DB539ACB-65AC-4729-BF36-1FE1B100DC8D}.Release|ARM64.Build.0 = Release|Any CPU
		{DB539ACB-65AC-4729-BF36-1FE1B100DC8D}.Release|x64.ActiveCfg = Release|Any CPU
		{DB539ACB-65AC-4729-BF36-1FE1B100DC8D}.Release|x64.Build.0 = Release|Any CPU
		{DB539ACB-65AC-4729-BF36-1FE1B100DC8D}.Release|x86.ActiveCfg = Release|Any CPU
		{DB539ACB-65AC-4729-BF36-1FE1B100DC8D}.Release|x86.Build.0 = Release|Any CPU
		{C977DB56-3880-4245-AA0A-0B06DE3F8F73}.Debug|Any CPU.ActiveCfg = Debug|Any CPU
		{C977DB56-3880-4245-AA0A-0B06DE3F8F73}.Debug|Any CPU.Build.0 = Debug|Any CPU
		{C977DB56-3880-4245-AA0A-0B06DE3F8F73}.Debug|ARM.ActiveCfg = Debug|Any CPU
		{C977DB56-3880-4245-AA0A-0B06DE3F8F73}.Debug|ARM.Build.0 = Debug|Any CPU
		{C977DB56-3880-4245-AA0A-0B06DE3F8F73}.Debug|ARM64.ActiveCfg = Debug|Any CPU
		{C977DB56-3880-4245-AA0A-0B06DE3F8F73}.Debug|ARM64.Build.0 = Debug|Any CPU
		{C977DB56-3880-4245-AA0A-0B06DE3F8F73}.Debug|x64.ActiveCfg = Debug|Any CPU
		{C977DB56-3880-4245-AA0A-0B06DE3F8F73}.Debug|x64.Build.0 = Debug|Any CPU
		{C977DB56-3880-4245-AA0A-0B06DE3F8F73}.Debug|x86.ActiveCfg = Debug|Any CPU
		{C977DB56-3880-4245-AA0A-0B06DE3F8F73}.Debug|x86.Build.0 = Debug|Any CPU
		{C977DB56-3880-4245-AA0A-0B06DE3F8F73}.Release|Any CPU.ActiveCfg = Release|Any CPU
		{C977DB56-3880-4245-AA0A-0B06DE3F8F73}.Release|Any CPU.Build.0 = Release|Any CPU
		{C977DB56-3880-4245-AA0A-0B06DE3F8F73}.Release|ARM.ActiveCfg = Release|Any CPU
		{C977DB56-3880-4245-AA0A-0B06DE3F8F73}.Release|ARM.Build.0 = Release|Any CPU
		{C977DB56-3880-4245-AA0A-0B06DE3F8F73}.Release|ARM64.ActiveCfg = Release|Any CPU
		{C977DB56-3880-4245-AA0A-0B06DE3F8F73}.Release|ARM64.Build.0 = Release|Any CPU
		{C977DB56-3880-4245-AA0A-0B06DE3F8F73}.Release|x64.ActiveCfg = Release|Any CPU
		{C977DB56-3880-4245-AA0A-0B06DE3F8F73}.Release|x64.Build.0 = Release|Any CPU
		{C977DB56-3880-4245-AA0A-0B06DE3F8F73}.Release|x86.ActiveCfg = Release|Any CPU
		{C977DB56-3880-4245-AA0A-0B06DE3F8F73}.Release|x86.Build.0 = Release|Any CPU
		{6743E603-A633-4A01-90B1-62667F58B0E3}.Debug|Any CPU.ActiveCfg = Debug|x86
		{6743E603-A633-4A01-90B1-62667F58B0E3}.Debug|ARM.ActiveCfg = Debug|ARM
		{6743E603-A633-4A01-90B1-62667F58B0E3}.Debug|ARM.Build.0 = Debug|ARM
		{6743E603-A633-4A01-90B1-62667F58B0E3}.Debug|ARM.Deploy.0 = Debug|ARM
		{6743E603-A633-4A01-90B1-62667F58B0E3}.Debug|ARM64.ActiveCfg = Debug|ARM64
		{6743E603-A633-4A01-90B1-62667F58B0E3}.Debug|ARM64.Build.0 = Debug|ARM64
		{6743E603-A633-4A01-90B1-62667F58B0E3}.Debug|ARM64.Deploy.0 = Debug|ARM64
		{6743E603-A633-4A01-90B1-62667F58B0E3}.Debug|x64.ActiveCfg = Debug|x64
		{6743E603-A633-4A01-90B1-62667F58B0E3}.Debug|x64.Build.0 = Debug|x64
		{6743E603-A633-4A01-90B1-62667F58B0E3}.Debug|x64.Deploy.0 = Debug|x64
		{6743E603-A633-4A01-90B1-62667F58B0E3}.Debug|x86.ActiveCfg = Debug|x86
		{6743E603-A633-4A01-90B1-62667F58B0E3}.Debug|x86.Build.0 = Debug|x86
		{6743E603-A633-4A01-90B1-62667F58B0E3}.Debug|x86.Deploy.0 = Debug|x86
		{6743E603-A633-4A01-90B1-62667F58B0E3}.Release|Any CPU.ActiveCfg = Release|x86
		{6743E603-A633-4A01-90B1-62667F58B0E3}.Release|ARM.ActiveCfg = Release|ARM
		{6743E603-A633-4A01-90B1-62667F58B0E3}.Release|ARM.Build.0 = Release|ARM
		{6743E603-A633-4A01-90B1-62667F58B0E3}.Release|ARM.Deploy.0 = Release|ARM
		{6743E603-A633-4A01-90B1-62667F58B0E3}.Release|ARM64.ActiveCfg = Release|ARM64
		{6743E603-A633-4A01-90B1-62667F58B0E3}.Release|ARM64.Build.0 = Release|ARM64
		{6743E603-A633-4A01-90B1-62667F58B0E3}.Release|ARM64.Deploy.0 = Release|ARM64
		{6743E603-A633-4A01-90B1-62667F58B0E3}.Release|x64.ActiveCfg = Release|x64
		{6743E603-A633-4A01-90B1-62667F58B0E3}.Release|x64.Build.0 = Release|x64
		{6743E603-A633-4A01-90B1-62667F58B0E3}.Release|x64.Deploy.0 = Release|x64
		{6743E603-A633-4A01-90B1-62667F58B0E3}.Release|x86.ActiveCfg = Release|x86
		{6743E603-A633-4A01-90B1-62667F58B0E3}.Release|x86.Build.0 = Release|x86
		{6743E603-A633-4A01-90B1-62667F58B0E3}.Release|x86.Deploy.0 = Release|x86
	EndGlobalSection
	GlobalSection(SolutionProperties) = preSolution
		HideSolutionNode = FALSE
	EndGlobalSection
	GlobalSection(ExtensibilityGlobals) = postSolution
		SolutionGuid = {8EF0791A-27EB-4F37-BFA6-4D4A7730FFB3}
	EndGlobalSection
EndGlobal
