
Microsoft Visual Studio Solution File, Format Version 12.00
# Visual Studio Version 17
VisualStudioVersion = 17.0.32112.339
MinimumVisualStudioVersion = 10.0.40219.1
Project("{6EC3EE1D-3C4E-46DD-8F32-0CC8E7565705}") = "ShampooSales", "ShampooSalesConsoleApp\ShampooSales.fsproj", "{DA8BDBEE-35A8-4C58-9F71-750ED42B18E2}"
EndProject
Global
	GlobalSection(SolutionConfigurationPlatforms) = preSolution
		Debug|Any CPU = Debug|Any CPU
		Release|Any CPU = Release|Any CPU
	EndGlobalSection
	GlobalSection(ProjectConfigurationPlatforms) = postSolution
		{DA8BDBEE-35A8-4C58-9F71-750ED42B18E2}.Debug|Any CPU.ActiveCfg = Debug|Any CPU
		{DA8BDBEE-35A8-4C58-9F71-750ED42B18E2}.Debug|Any CPU.Build.0 = Debug|Any CPU
		{DA8BDBEE-35A8-4C58-9F71-750ED42B18E2}.Release|Any CPU.ActiveCfg = Release|Any CPU
		{DA8BDBEE-35A8-4C58-9F71-750ED42B18E2}.Release|Any CPU.Build.0 = Release|Any CPU
	EndGlobalSection
	GlobalSection(SolutionProperties) = preSolution
		HideSolutionNode = FALSE
	EndGlobalSection
	GlobalSection(ExtensibilityGlobals) = postSolution
		SolutionGuid = {795BD86B-07DA-44D9-8437-14E980123326}
	EndGlobalSection
EndGlobal
