
Microsoft Visual Studio Solution File, Format Version 12.00
# Visual Studio 15
VisualStudioVersion = 15.0.28010.2050
MinimumVisualStudioVersion = 10.0.40219.1
Project("{6EC3EE1D-3C4E-46DD-8F32-0CC8E7565705}") = "SentimentAnalysisConsoleApp", "getting-started\BinaryClassification_SentimentAnalysis\SentimentAnalysis\SentimentAnalysisConsoleApp\SentimentAnalysisConsoleApp.fsproj", "{4B70BDEA-3619-4849-8E8D-650CE6193BB6}"
EndProject
Project("{6EC3EE1D-3C4E-46DD-8F32-0CC8E7565705}") = "Clustering_Iris", "getting-started\Clustering_Iris\IrisClustering\IrisClusteringConsoleApp\Clustering_Iris.fsproj", "{768CCDCE-595D-4B09-99C1-B2CEBA3ACDE7}"
EndProject
Project("{6EC3EE1D-3C4E-46DD-8F32-0CC8E7565705}") = "MulticlassClassification_Iris", "getting-started\MulticlassClassification_Iris\IrisClassification\IrisClassificationConsoleApp\MulticlassClassification_Iris.fsproj", "{B765B299-3349-4891-9882-EFBA727E4752}"
EndProject
Project("{6EC3EE1D-3C4E-46DD-8F32-0CC8E7565705}") = "Regression_TaxiFarePrediction.csproj", "getting-started\Regression_TaxiFarePrediction\TaxiFarePrediction\TaxiFarePredictionConsoleApp\Regression_TaxiFarePrediction.csproj.fsproj", "{AA9640B4-F492-4142-BEE7-CB383826E33C}"
EndProject
Project("{6EC3EE1D-3C4E-46DD-8F32-0CC8E7565705}") = "BikeSharingDemand", "getting-started\Regression_BikeSharingDemand\BikeSharingDemand\BikeSharingDemandConsoleApp\BikeSharingDemand.fsproj", "{81AB0479-A3A6-41D6-A992-7EF3E1A143EF}"
EndProject
Global
	GlobalSection(SolutionConfigurationPlatforms) = preSolution
		Debug|Any CPU = Debug|Any CPU
		Release|Any CPU = Release|Any CPU
	EndGlobalSection
	GlobalSection(ProjectConfigurationPlatforms) = postSolution
		{4B70BDEA-3619-4849-8E8D-650CE6193BB6}.Debug|Any CPU.ActiveCfg = Debug|Any CPU
		{4B70BDEA-3619-4849-8E8D-650CE6193BB6}.Debug|Any CPU.Build.0 = Debug|Any CPU
		{4B70BDEA-3619-4849-8E8D-650CE6193BB6}.Release|Any CPU.ActiveCfg = Release|Any CPU
		{4B70BDEA-3619-4849-8E8D-650CE6193BB6}.Release|Any CPU.Build.0 = Release|Any CPU
		{768CCDCE-595D-4B09-99C1-B2CEBA3ACDE7}.Debug|Any CPU.ActiveCfg = Debug|Any CPU
		{768CCDCE-595D-4B09-99C1-B2CEBA3ACDE7}.Debug|Any CPU.Build.0 = Debug|Any CPU
		{768CCDCE-595D-4B09-99C1-B2CEBA3ACDE7}.Release|Any CPU.ActiveCfg = Release|Any CPU
		{768CCDCE-595D-4B09-99C1-B2CEBA3ACDE7}.Release|Any CPU.Build.0 = Release|Any CPU
		{B765B299-3349-4891-9882-EFBA727E4752}.Debug|Any CPU.ActiveCfg = Debug|Any CPU
		{B765B299-3349-4891-9882-EFBA727E4752}.Debug|Any CPU.Build.0 = Debug|Any CPU
		{B765B299-3349-4891-9882-EFBA727E4752}.Release|Any CPU.ActiveCfg = Release|Any CPU
		{B765B299-3349-4891-9882-EFBA727E4752}.Release|Any CPU.Build.0 = Release|Any CPU
		{AA9640B4-F492-4142-BEE7-CB383826E33C}.Debug|Any CPU.ActiveCfg = Debug|Any CPU
		{AA9640B4-F492-4142-BEE7-CB383826E33C}.Debug|Any CPU.Build.0 = Debug|Any CPU
		{AA9640B4-F492-4142-BEE7-CB383826E33C}.Release|Any CPU.ActiveCfg = Release|Any CPU
		{AA9640B4-F492-4142-BEE7-CB383826E33C}.Release|Any CPU.Build.0 = Release|Any CPU
		{81AB0479-A3A6-41D6-A992-7EF3E1A143EF}.Debug|Any CPU.ActiveCfg = Debug|Any CPU
		{81AB0479-A3A6-41D6-A992-7EF3E1A143EF}.Debug|Any CPU.Build.0 = Debug|Any CPU
		{81AB0479-A3A6-41D6-A992-7EF3E1A143EF}.Release|Any CPU.ActiveCfg = Release|Any CPU
		{81AB0479-A3A6-41D6-A992-7EF3E1A143EF}.Release|Any CPU.Build.0 = Release|Any CPU
	EndGlobalSection
	GlobalSection(SolutionProperties) = preSolution
		HideSolutionNode = FALSE
	EndGlobalSection
	GlobalSection(ExtensibilityGlobals) = postSolution
		SolutionGuid = {F7C18407-010B-42C3-8EDB-CCD1C76C6ECC}
	EndGlobalSection
EndGlobal
