
Microsoft Visual Studio Solution File, Format Version 12.00
# Visual Studio 15
VisualStudioVersion = 15.0.28010.2050
MinimumVisualStudioVersion = 10.0.40219.1
Project("{6EC3EE1D-3C4E-46DD-8F32-0CC8E7565705}") = "GitHubLabeler", "GitHubLabeler\GitHubLabelerConsoleApp\GitHubLabeler.fsproj", "{FBA6265E-8570-413C-A313-BBA08B86690B}"
EndProject
Global
	GlobalSection(SolutionConfigurationPlatforms) = preSolution
		Debug|Any CPU = Debug|Any CPU
		Release|Any CPU = Release|Any CPU
	EndGlobalSection
	GlobalSection(ProjectConfigurationPlatforms) = postSolution
		{FBA6265E-8570-413C-A313-BBA08B86690B}.Debug|Any CPU.ActiveCfg = Debug|Any CPU
		{FBA6265E-8570-413C-A313-BBA08B86690B}.Debug|Any CPU.Build.0 = Debug|Any CPU
		{FBA6265E-8570-413C-A313-BBA08B86690B}.Release|Any CPU.ActiveCfg = Release|Any CPU
		{FBA6265E-8570-413C-A313-BBA08B86690B}.Release|Any CPU.Build.0 = Release|Any CPU
	EndGlobalSection
	GlobalSection(SolutionProperties) = preSolution
		HideSolutionNode = FALSE
	EndGlobalSection
	GlobalSection(ExtensibilityGlobals) = postSolution
		SolutionGuid = {1D9AF87B-C51D-41FB-878D-6C2DFA095D8D}
	EndGlobalSection
EndGlobal
