
Microsoft Visual Studio Solution File, Format Version 12.00
# Visual Studio 15
VisualStudioVersion = 15.0.27428.2037
MinimumVisualStudioVersion = 10.0.40219.1
Project("{2150E333-8FDC-42A3-9474-1A3956D46DE8}") = "TensorFlowEstimator.Solution", "TensorFlowEstimator.Solution", "{BB78093B-4EEE-401F-95E2-4BE7C5C420D4}"
EndProject
Project("{9A19103F-16F7-4668-BE54-9A1E7A4F7556}") = "ImageClassification.Train", "getting-started\DeepLearning_TensorFlowEstimator\ImageClassification.Train\ImageClassification.Train.csproj", "{A76877EE-052E-462F-BBD1-0DA8A3303099}"
EndProject
Project("{9A19103F-16F7-4668-BE54-9A1E7A4F7556}") = "ImageClassification.Predict", "getting-started\DeepLearning_TensorFlowEstimator\ImageClassification.Predict\ImageClassification.Predict.csproj", "{73558A6A-9EDD-457A-A504-1F5A55D02016}"
EndProject
Project("{2150E333-8FDC-42A3-9474-1A3956D46DE8}") = "MovieRecommendation.Solution", "MovieRecommendation.Solution", "{74A614C0-E1E2-4FB0-A246-96F04A654528}"
EndProject
Project("{9A19103F-16F7-4668-BE54-9A1E7A4F7556}") = "MovieRecommendation", "getting-started\MatrixFactorization_MovieRecommendation\MovieRecommendation\MovieRecommendation.csproj", "{6055D04F-E888-4A9F-87F1-D151EF0A2912}"
EndProject
Project("{2150E333-8FDC-42A3-9474-1A3956D46DE8}") = "MovieRecommendationE2E.Solution", "MovieRecommendationE2E.Solution", "{1E5C26AB-36C7-4CE1-9FAC-9BA3E36083CB}"
EndProject
Project("{9A19103F-16F7-4668-BE54-9A1E7A4F7556}") = "MovieRecommender", "end-to-end-apps\Recommendation-MovieRecommender\MovieRecommender\movierecommender\MovieRecommender.csproj", "{B4B405AD-AD4E-4C9B-8ACD-03C1C6E3D43D}"
EndProject
Project("{9A19103F-16F7-4668-BE54-9A1E7A4F7556}") = "MovieRecommender_Model", "end-to-end-apps\Recommendation-MovieRecommender\MovieRecommender_Model\MovieRecommender_Model.csproj", "{1B863D8D-C199-4AD7-81C5-08455C5A1489}"
EndProject
Global
	GlobalSection(SolutionConfigurationPlatforms) = preSolution
		Debug|Any CPU = Debug|Any CPU
		Release|Any CPU = Release|Any CPU
	EndGlobalSection
	GlobalSection(ProjectConfigurationPlatforms) = postSolution
		{A76877EE-052E-462F-BBD1-0DA8A3303099}.Debug|Any CPU.ActiveCfg = Debug|Any CPU
		{A76877EE-052E-462F-BBD1-0DA8A3303099}.Debug|Any CPU.Build.0 = Debug|Any CPU
		{A76877EE-052E-462F-BBD1-0DA8A3303099}.Release|Any CPU.ActiveCfg = Release|Any CPU
		{A76877EE-052E-462F-BBD1-0DA8A3303099}.Release|Any CPU.Build.0 = Release|Any CPU
		{73558A6A-9EDD-457A-A504-1F5A55D02016}.Debug|Any CPU.ActiveCfg = Debug|Any CPU
		{73558A6A-9EDD-457A-A504-1F5A55D02016}.Debug|Any CPU.Build.0 = Debug|Any CPU
		{73558A6A-9EDD-457A-A504-1F5A55D02016}.Release|Any CPU.ActiveCfg = Release|Any CPU
		{73558A6A-9EDD-457A-A504-1F5A55D02016}.Release|Any CPU.Build.0 = Release|Any CPU
		{6055D04F-E888-4A9F-87F1-D151EF0A2912}.Debug|Any CPU.ActiveCfg = Debug|Any CPU
		{6055D04F-E888-4A9F-87F1-D151EF0A2912}.Debug|Any CPU.Build.0 = Debug|Any CPU
		{6055D04F-E888-4A9F-87F1-D151EF0A2912}.Release|Any CPU.ActiveCfg = Release|Any CPU
		{6055D04F-E888-4A9F-87F1-D151EF0A2912}.Release|Any CPU.Build.0 = Release|Any CPU
		{B4B405AD-AD4E-4C9B-8ACD-03C1C6E3D43D}.Debug|Any CPU.ActiveCfg = Debug|Any CPU
		{B4B405AD-AD4E-4C9B-8ACD-03C1C6E3D43D}.Debug|Any CPU.Build.0 = Debug|Any CPU
		{B4B405AD-AD4E-4C9B-8ACD-03C1C6E3D43D}.Release|Any CPU.ActiveCfg = Release|Any CPU
		{B4B405AD-AD4E-4C9B-8ACD-03C1C6E3D43D}.Release|Any CPU.Build.0 = Release|Any CPU
		{1B863D8D-C199-4AD7-81C5-08455C5A1489}.Debug|Any CPU.ActiveCfg = Debug|Any CPU
		{1B863D8D-C199-4AD7-81C5-08455C5A1489}.Debug|Any CPU.Build.0 = Debug|Any CPU
		{1B863D8D-C199-4AD7-81C5-08455C5A1489}.Release|Any CPU.ActiveCfg = Release|Any CPU
		{1B863D8D-C199-4AD7-81C5-08455C5A1489}.Release|Any CPU.Build.0 = Release|Any CPU
	EndGlobalSection
	GlobalSection(SolutionProperties) = preSolution
		HideSolutionNode = FALSE
	EndGlobalSection
	GlobalSection(NestedProjects) = preSolution
		{A76877EE-052E-462F-BBD1-0DA8A3303099} = {BB78093B-4EEE-401F-95E2-4BE7C5C420D4}
		{73558A6A-9EDD-457A-A504-1F5A55D02016} = {BB78093B-4EEE-401F-95E2-4BE7C5C420D4}
		{6055D04F-E888-4A9F-87F1-D151EF0A2912} = {74A614C0-E1E2-4FB0-A246-96F04A654528}
		{B4B405AD-AD4E-4C9B-8ACD-03C1C6E3D43D} = {1E5C26AB-36C7-4CE1-9FAC-9BA3E36083CB}
		{1B863D8D-C199-4AD7-81C5-08455C5A1489} = {1E5C26AB-36C7-4CE1-9FAC-9BA3E36083CB}
	EndGlobalSection
	GlobalSection(ExtensibilityGlobals) = postSolution
		SolutionGuid = {98369941-33DD-450C-A410-B9A91C8CDE91}
	EndGlobalSection
EndGlobal
