
Microsoft Visual Studio Solution File, Format Version 12.00
# Visual Studio 15
VisualStudioVersion = 15.0.27428.2037
MinimumVisualStudioVersion = 10.0.40219.1
Project("{9A19103F-16F7-4668-BE54-9A1E7A4F7556}") = "BikeSharingDemand", "getting-started\Regression_BikeSharingDemand\BikeSharingDemand\BikeSharingDemandConsoleApp\BikeSharingDemand.csproj", "{DD5EBF32-C310-405A-BD8D-507A35F0C204}"
EndProject
Project("{2150E333-8FDC-42A3-9474-1A3956D46DE8}") = "BikeSharingDemandSolution", "BikeSharingDemandSolution", "{820E8AF2-A47D-4AB8-A4AF-5CDFF97EBCDF}"
EndProject
Project("{2150E333-8FDC-42A3-9474-1A3956D46DE8}") = "CustomerSegmentationSolution", "CustomerSegmentationSolution", "{9E916E68-E9C5-4A06-96FA-EE9E57DAF368}"
EndProject
Project("{9A19103F-16F7-4668-BE54-9A1E7A4F7556}") = "CustomerSegmentation.Train", "getting-started\Clustering_CustomerSegmentation\CustomerSegmentation.Train\CustomerSegmentation.Train.csproj", "{633CD965-51BB-4526-B30E-B73D2716982A}"
EndProject
Project("{9A19103F-16F7-4668-BE54-9A1E7A4F7556}") = "CustomerSegmentation.Predict", "getting-started\Clustering_CustomerSegmentation\CustomerSegmentation.Predict\CustomerSegmentation.Predict.csproj", "{8AC93D85-B280-470C-A78D-4CB49CF968A9}"
EndProject
Project("{2150E333-8FDC-42A3-9474-1A3956D46DE8}") = "GitHubIssuesLabeler", "GitHubIssuesLabeler", "{BEB8F5D0-260B-468E-B1D9-9598E2B730F4}"
EndProject
Project("{9A19103F-16F7-4668-BE54-9A1E7A4F7556}") = "GitHubLabeler", "end-to-end-apps\Github-Labeler\GitHubLabeler\GitHubLabelerConsoleApp\GitHubLabeler.csproj", "{0FFF29B8-AF32-4340-80B5-FFD21ABEF840}"
EndProject
Global
	GlobalSection(SolutionConfigurationPlatforms) = preSolution
		Debug|Any CPU = Debug|Any CPU
		Release|Any CPU = Release|Any CPU
	EndGlobalSection
	GlobalSection(ProjectConfigurationPlatforms) = postSolution
		{DD5EBF32-C310-405A-BD8D-507A35F0C204}.Debug|Any CPU.ActiveCfg = Debug|Any CPU
		{DD5EBF32-C310-405A-BD8D-507A35F0C204}.Debug|Any CPU.Build.0 = Debug|Any CPU
		{DD5EBF32-C310-405A-BD8D-507A35F0C204}.Release|Any CPU.ActiveCfg = Release|Any CPU
		{DD5EBF32-C310-405A-BD8D-507A35F0C204}.Release|Any CPU.Build.0 = Release|Any CPU
		{633CD965-51BB-4526-B30E-B73D2716982A}.Debug|Any CPU.ActiveCfg = Debug|Any CPU
		{633CD965-51BB-4526-B30E-B73D2716982A}.Debug|Any CPU.Build.0 = Debug|Any CPU
		{633CD965-51BB-4526-B30E-B73D2716982A}.Release|Any CPU.ActiveCfg = Release|Any CPU
		{633CD965-51BB-4526-B30E-B73D2716982A}.Release|Any CPU.Build.0 = Release|Any CPU
		{8AC93D85-B280-470C-A78D-4CB49CF968A9}.Debug|Any CPU.ActiveCfg = Debug|Any CPU
		{8AC93D85-B280-470C-A78D-4CB49CF968A9}.Debug|Any CPU.Build.0 = Debug|Any CPU
		{8AC93D85-B280-470C-A78D-4CB49CF968A9}.Release|Any CPU.ActiveCfg = Release|Any CPU
		{8AC93D85-B280-470C-A78D-4CB49CF968A9}.Release|Any CPU.Build.0 = Release|Any CPU
		{0FFF29B8-AF32-4340-80B5-FFD21ABEF840}.Debug|Any CPU.ActiveCfg = Debug|Any CPU
		{0FFF29B8-AF32-4340-80B5-FFD21ABEF840}.Debug|Any CPU.Build.0 = Debug|Any CPU
		{0FFF29B8-AF32-4340-80B5-FFD21ABEF840}.Release|Any CPU.ActiveCfg = Release|Any CPU
		{0FFF29B8-AF32-4340-80B5-FFD21ABEF840}.Release|Any CPU.Build.0 = Release|Any CPU
	EndGlobalSection
	GlobalSection(SolutionProperties) = preSolution
		HideSolutionNode = FALSE
	EndGlobalSection
	GlobalSection(NestedProjects) = preSolution
		{DD5EBF32-C310-405A-BD8D-507A35F0C204} = {820E8AF2-A47D-4AB8-A4AF-5CDFF97EBCDF}
		{633CD965-51BB-4526-B30E-B73D2716982A} = {9E916E68-E9C5-4A06-96FA-EE9E57DAF368}
		{8AC93D85-B280-470C-A78D-4CB49CF968A9} = {9E916E68-E9C5-4A06-96FA-EE9E57DAF368}
		{0FFF29B8-AF32-4340-80B5-FFD21ABEF840} = {BEB8F5D0-260B-468E-B1D9-9598E2B730F4}
	EndGlobalSection
	GlobalSection(ExtensibilityGlobals) = postSolution
		SolutionGuid = {98369941-33DD-450C-A410-B9A91C8CDE91}
	EndGlobalSection
EndGlobal
