
Microsoft Visual Studio Solution File, Format Version 12.00
# Visual Studio 15
VisualStudioVersion = 15.0.28010.2048
MinimumVisualStudioVersion = 10.0.40219.1
Project("{9A19103F-16F7-4668-BE54-9A1E7A4F7556}") = "ClientRazorWebApp", "OnnxObjectDetectionWebAPI\ClientRazorWebApp\ClientRazorWebApp.csproj", "{B18CE17C-7883-4A4F-8157-7E6E73441E90}"
EndProject
Project("{9A19103F-16F7-4668-BE54-9A1E7A4F7556}") = "OnnxObjectDetectionWebAPI", "OnnxObjectDetectionWebAPI\OnnxObjectDetectionWebAPI\OnnxObjectDetectionWebAPI.csproj", "{A0DAD1A6-EB7F-4605-9578-CB952F5A250C}"
EndProject
Global
	GlobalSection(SolutionConfigurationPlatforms) = preSolution
		Debug|Any CPU = Debug|Any CPU
		Release|Any CPU = Release|Any CPU
	EndGlobalSection
	GlobalSection(ProjectConfigurationPlatforms) = postSolution
		{B18CE17C-7883-4A4F-8157-7E6E73441E90}.Debug|Any CPU.ActiveCfg = Debug|Any CPU
		{B18CE17C-7883-4A4F-8157-7E6E73441E90}.Debug|Any CPU.Build.0 = Debug|Any CPU
		{B18CE17C-7883-4A4F-8157-7E6E73441E90}.Release|Any CPU.ActiveCfg = Release|Any CPU
		{B18CE17C-7883-4A4F-8157-7E6E73441E90}.Release|Any CPU.Build.0 = Release|Any CPU
		{A0DAD1A6-EB7F-4605-9578-CB952F5A250C}.Debug|Any CPU.ActiveCfg = Debug|Any CPU
		{A0DAD1A6-EB7F-4605-9578-CB952F5A250C}.Debug|Any CPU.Build.0 = Debug|Any CPU
		{A0DAD1A6-EB7F-4605-9578-CB952F5A250C}.Release|Any CPU.ActiveCfg = Release|Any CPU
		{A0DAD1A6-EB7F-4605-9578-CB952F5A250C}.Release|Any CPU.Build.0 = Release|Any CPU
	EndGlobalSection
	GlobalSection(SolutionProperties) = preSolution
		HideSolutionNode = FALSE
	EndGlobalSection
	GlobalSection(ExtensibilityGlobals) = postSolution
		SolutionGuid = {6F4CBF1D-464D-4F31-942B-5F3F8117275E}
	EndGlobalSection
EndGlobal
