
Microsoft Visual Studio Solution File, Format Version 12.00
# Visual Studio Version 16
VisualStudioVersion = 16.0.28803.452
MinimumVisualStudioVersion = 10.0.40219.1
Project("{9A19103F-16F7-4668-BE54-9A1E7A4F7556}") = "OnnxObjectDetectionE2EAPP", "OnnxObjectDetectionE2EAPP\OnnxObjectDetectionE2EAPP.csproj", "{4A91FD3C-80FC-40E9-9A0B-0F832B313C24}"
EndProject
Project("{9A19103F-16F7-4668-BE54-9A1E7A4F7556}") = "OnnxObjectDetectionModel", "OnnxObjectDetectionModel\OnnxObjectDetectionModel.csproj", "{C5D9801E-9D4F-4319-A0AD-05D61C63B667}"
EndProject
Global
	GlobalSection(SolutionConfigurationPlatforms) = preSolution
		Debug|Any CPU = Debug|Any CPU
		Release|Any CPU = Release|Any CPU
	EndGlobalSection
	GlobalSection(ProjectConfigurationPlatforms) = postSolution
		{4A91FD3C-80FC-40E9-9A0B-0F832B313C24}.Debug|Any CPU.ActiveCfg = Debug|Any CPU
		{4A91FD3C-80FC-40E9-9A0B-0F832B313C24}.Debug|Any CPU.Build.0 = Debug|Any CPU
		{4A91FD3C-80FC-40E9-9A0B-0F832B313C24}.Release|Any CPU.ActiveCfg = Release|Any CPU
		{4A91FD3C-80FC-40E9-9A0B-0F832B313C24}.Release|Any CPU.Build.0 = Release|Any CPU
		{C5D9801E-9D4F-4319-A0AD-05D61C63B667}.Debug|Any CPU.ActiveCfg = Debug|Any CPU
		{C5D9801E-9D4F-4319-A0AD-05D61C63B667}.Debug|Any CPU.Build.0 = Debug|Any CPU
		{C5D9801E-9D4F-4319-A0AD-05D61C63B667}.Release|Any CPU.ActiveCfg = Release|Any CPU
		{C5D9801E-9D4F-4319-A0AD-05D61C63B667}.Release|Any CPU.Build.0 = Release|Any CPU
	EndGlobalSection
	GlobalSection(SolutionProperties) = preSolution
		HideSolutionNode = FALSE
	EndGlobalSection
	GlobalSection(ExtensibilityGlobals) = postSolution
		SolutionGuid = {E4E2676A-8816-4A2F-A0F0-1E2718DAFC78}
	EndGlobalSection
EndGlobal
