
Microsoft Visual Studio Solution File, Format Version 12.00
# Visual Studio 15
VisualStudioVersion = 15.0.28010.2046
MinimumVisualStudioVersion = 10.0.40219.1
Project("{9A19103F-16F7-4668-BE54-9A1E7A4F7556}") = "MulticlassClassification_Iris", "IrisClassification\IrisClassificationConsoleApp\MulticlassClassification_Iris.csproj", "{106E3129-127F-4B4B-99CE-DEEF226F1147}"
EndProject
Global
	GlobalSection(SolutionConfigurationPlatforms) = preSolution
		Debug|Any CPU = Debug|Any CPU
		Release|Any CPU = Release|Any CPU
	EndGlobalSection
	GlobalSection(ProjectConfigurationPlatforms) = postSolution
		{106E3129-127F-4B4B-99CE-DEEF226F1147}.Debug|Any CPU.ActiveCfg = Debug|Any CPU
		{106E3129-127F-4B4B-99CE-DEEF226F1147}.Debug|Any CPU.Build.0 = Debug|Any CPU
		{106E3129-127F-4B4B-99CE-DEEF226F1147}.Release|Any CPU.ActiveCfg = Release|Any CPU
		{106E3129-127F-4B4B-99CE-DEEF226F1147}.Release|Any CPU.Build.0 = Release|Any CPU
	EndGlobalSection
	GlobalSection(SolutionProperties) = preSolution
		HideSolutionNode = FALSE
	EndGlobalSection
	GlobalSection(ExtensibilityGlobals) = postSolution
		SolutionGuid = {1EE6E62A-CCBA-4B66-8AC7-2BA3E3A7B6AB}
	EndGlobalSection
EndGlobal
