
Microsoft Visual Studio Solution File, Format Version 12.00
# Visual Studio Version 16
VisualStudioVersion = 16.0.29403.142
MinimumVisualStudioVersion = 10.0.40219.1
Project("{FAE04EC0-301F-11D3-BF4B-00C04F79EFBC}") = "RestaurantViolations", "RestaurantViolations\RestaurantViolations.csproj", "{FD0B76FD-773C-4DE0-BD65-EC60ECAA7503}"
EndProject
Project("{9A19103F-16F7-4668-BE54-9A1E7A4F7556}") = "RestaurantViolationsML.Model", "RestaurantViolationsML.Model\RestaurantViolationsML.Model.csproj", "{016977A3-1164-42E2-9EFC-D793E3B05EAB}"
EndProject
Project("{9A19103F-16F7-4668-BE54-9A1E7A4F7556}") = "RestaurantViolationsML.ConsoleApp", "RestaurantViolationsML.ConsoleApp\RestaurantViolationsML.ConsoleApp.csproj", "{27E67B4C-1941-4AD4-8CAC-EAC8DB6048B0}"
EndProject
Global
	GlobalSection(SolutionConfigurationPlatforms) = preSolution
		Debug|Any CPU = Debug|Any CPU
		Release|Any CPU = Release|Any CPU
	EndGlobalSection
	GlobalSection(ProjectConfigurationPlatforms) = postSolution
		{FD0B76FD-773C-4DE0-BD65-EC60ECAA7503}.Debug|Any CPU.ActiveCfg = Debug|Any CPU
		{FD0B76FD-773C-4DE0-BD65-EC60ECAA7503}.Debug|Any CPU.Build.0 = Debug|Any CPU
		{FD0B76FD-773C-4DE0-BD65-EC60ECAA7503}.Release|Any CPU.ActiveCfg = Release|Any CPU
		{FD0B76FD-773C-4DE0-BD65-EC60ECAA7503}.Release|Any CPU.Build.0 = Release|Any CPU
		{016977A3-1164-42E2-9EFC-D793E3B05EAB}.Debug|Any CPU.ActiveCfg = Debug|Any CPU
		{016977A3-1164-42E2-9EFC-D793E3B05EAB}.Debug|Any CPU.Build.0 = Debug|Any CPU
		{016977A3-1164-42E2-9EFC-D793E3B05EAB}.Release|Any CPU.ActiveCfg = Release|Any CPU
		{016977A3-1164-42E2-9EFC-D793E3B05EAB}.Release|Any CPU.Build.0 = Release|Any CPU
		{27E67B4C-1941-4AD4-8CAC-EAC8DB6048B0}.Debug|Any CPU.ActiveCfg = Debug|Any CPU
		{27E67B4C-1941-4AD4-8CAC-EAC8DB6048B0}.Debug|Any CPU.Build.0 = Debug|Any CPU
		{27E67B4C-1941-4AD4-8CAC-EAC8DB6048B0}.Release|Any CPU.ActiveCfg = Release|Any CPU
		{27E67B4C-1941-4AD4-8CAC-EAC8DB6048B0}.Release|Any CPU.Build.0 = Release|Any CPU
	EndGlobalSection
	GlobalSection(SolutionProperties) = preSolution
		HideSolutionNode = FALSE
	EndGlobalSection
	GlobalSection(ExtensibilityGlobals) = postSolution
		SolutionGuid = {E3421DCB-2CD0-457B-A7BE-E03D4A1DE96A}
	EndGlobalSection
EndGlobal
