
Microsoft Visual Studio Solution File, Format Version 12.00
# Visual Studio Version 16
VisualStudioVersion = 16.0.31025.218
MinimumVisualStudioVersion = 10.0.40219.1
Project("{FAE04EC0-301F-11D3-BF4B-00C04F79EFBC}") = "ONNXExport", "ONNXExport\ONNXExport.csproj", "{6F92E373-62D0-41E7-83C9-93DC2AEC4ADB}"
EndProject
Global
	GlobalSection(SolutionConfigurationPlatforms) = preSolution
		Debug|Any CPU = Debug|Any CPU
		Release|Any CPU = Release|Any CPU
	EndGlobalSection
	GlobalSection(ProjectConfigurationPlatforms) = postSolution
		{6F92E373-62D0-41E7-83C9-93DC2AEC4ADB}.Debug|Any CPU.ActiveCfg = Debug|Any CPU
		{6F92E373-62D0-41E7-83C9-93DC2AEC4ADB}.Debug|Any CPU.Build.0 = Debug|Any CPU
		{6F92E373-62D0-41E7-83C9-93DC2AEC4ADB}.Release|Any CPU.ActiveCfg = Release|Any CPU
		{6F92E373-62D0-41E7-83C9-93DC2AEC4ADB}.Release|Any CPU.Build.0 = Release|Any CPU
	EndGlobalSection
	GlobalSection(SolutionProperties) = preSolution
		HideSolutionNode = FALSE
	EndGlobalSection
	GlobalSection(ExtensibilityGlobals) = postSolution
		SolutionGuid = {247BB18A-BBED-49BB-8A61-218E13BFF44F}
	EndGlobalSection
EndGlobal
