
Microsoft Visual Studio Solution File, Format Version 12.00
# Visual Studio 15
VisualStudioVersion = 15.0.28010.2046
MinimumVisualStudioVersion = 10.0.40219.1
Project("{9A19103F-16F7-4668-BE54-9A1E7A4F7556}") = "Clustering_Iris", "Clustering_Iris.csproj", "{189E0D8F-D0D0-42CA-BD3C-BD52BE0C5C89}"
EndProject
Global
	GlobalSection(SolutionConfigurationPlatforms) = preSolution
		Debug|Any CPU = Debug|Any CPU
		Release|Any CPU = Release|Any CPU
	EndGlobalSection
	GlobalSection(ProjectConfigurationPlatforms) = postSolution
		{189E0D8F-D0D0-42CA-BD3C-BD52BE0C5C89}.Debug|Any CPU.ActiveCfg = Debug|Any CPU
		{189E0D8F-D0D0-42CA-BD3C-BD52BE0C5C89}.Debug|Any CPU.Build.0 = Debug|Any CPU
		{189E0D8F-D0D0-42CA-BD3C-BD52BE0C5C89}.Release|Any CPU.ActiveCfg = Release|Any CPU
		{189E0D8F-D0D0-42CA-BD3C-BD52BE0C5C89}.Release|Any CPU.Build.0 = Release|Any CPU
	EndGlobalSection
	GlobalSection(SolutionProperties) = preSolution
		HideSolutionNode = FALSE
	EndGlobalSection
	GlobalSection(ExtensibilityGlobals) = postSolution
		SolutionGuid = {82656885-BB4E-4C3E-B3A7-6C0D8281B255}
	EndGlobalSection
EndGlobal
