
Microsoft Visual Studio Solution File, Format Version 12.00
# Visual Studio Version 16
VisualStudioVersion = 16.0.29911.84
MinimumVisualStudioVersion = 10.0.40219.1
Project("{FAE04EC0-301F-11D3-BF4B-00C04F79EFBC}") = "LandUseUWP", "LandUseUWP\LandUseUWP.csproj", "{3BCF3770-DCD9-4755-9BA8-C392AF074ABB}"
EndProject
Project("{9A19103F-16F7-4668-BE54-9A1E7A4F7556}") = "LandUseUWPML.Model", "LandUseUWPML.Model\LandUseUWPML.Model.csproj", "{05C7555E-7307-40EF-9081-DD7B820E878F}"
EndProject
Project("{9A19103F-16F7-4668-BE54-9A1E7A4F7556}") = "LandUseUWPML.ConsoleApp", "LandUseUWPML.ConsoleApp\LandUseUWPML.ConsoleApp.csproj", "{DE576FA8-0781-4378-87DC-CF93E30A08D9}"
EndProject
Project("{FAE04EC0-301F-11D3-BF4B-00C04F79EFBC}") = "LandUseAPI", "LandUseAPI\LandUseAPI.csproj", "{B3546E50-4BE1-4E9A-A189-FD7AE0020147}"
EndProject
Global
	GlobalSection(SolutionConfigurationPlatforms) = preSolution
		Debug|Any CPU = Debug|Any CPU
		Debug|ARM = Debug|ARM
		Debug|ARM64 = Debug|ARM64
		Debug|x64 = Debug|x64
		Debug|x86 = Debug|x86
		Release|Any CPU = Release|Any CPU
		Release|ARM = Release|ARM
		Release|ARM64 = Release|ARM64
		Release|x64 = Release|x64
		Release|x86 = Release|x86
	EndGlobalSection
	GlobalSection(ProjectConfigurationPlatforms) = postSolution
		{3BCF3770-DCD9-4755-9BA8-C392AF074ABB}.Debug|Any CPU.ActiveCfg = Debug|x86
		{3BCF3770-DCD9-4755-9BA8-C392AF074ABB}.Debug|ARM.ActiveCfg = Debug|ARM
		{3BCF3770-DCD9-4755-9BA8-C392AF074ABB}.Debug|ARM.Build.0 = Debug|ARM
		{3BCF3770-DCD9-4755-9BA8-C392AF074ABB}.Debug|ARM.Deploy.0 = Debug|ARM
		{3BCF3770-DCD9-4755-9BA8-C392AF074ABB}.Debug|ARM64.ActiveCfg = Debug|ARM64
		{3BCF3770-DCD9-4755-9BA8-C392AF074ABB}.Debug|ARM64.Build.0 = Debug|ARM64
		{3BCF3770-DCD9-4755-9BA8-C392AF074ABB}.Debug|ARM64.Deploy.0 = Debug|ARM64
		{3BCF3770-DCD9-4755-9BA8-C392AF074ABB}.Debug|x64.ActiveCfg = Debug|x64
		{3BCF3770-DCD9-4755-9BA8-C392AF074ABB}.Debug|x64.Build.0 = Debug|x64
		{3BCF3770-DCD9-4755-9BA8-C392AF074ABB}.Debug|x64.Deploy.0 = Debug|x64
		{3BCF3770-DCD9-4755-9BA8-C392AF074ABB}.Debug|x86.ActiveCfg = Debug|x86
		{3BCF3770-DCD9-4755-9BA8-C392AF074ABB}.Debug|x86.Build.0 = Debug|x86
		{3BCF3770-DCD9-4755-9BA8-C392AF074ABB}.Debug|x86.Deploy.0 = Debug|x86
		{3BCF3770-DCD9-4755-9BA8-C392AF074ABB}.Release|Any CPU.ActiveCfg = Release|x86
		{3BCF3770-DCD9-4755-9BA8-C392AF074ABB}.Release|ARM.ActiveCfg = Release|ARM
		{3BCF3770-DCD9-4755-9BA8-C392AF074ABB}.Release|ARM.Build.0 = Release|ARM
		{3BCF3770-DCD9-4755-9BA8-C392AF074ABB}.Release|ARM.Deploy.0 = Release|ARM
		{3BCF3770-DCD9-4755-9BA8-C392AF074ABB}.Release|ARM64.ActiveCfg = Release|ARM64
		{3BCF3770-DCD9-4755-9BA8-C392AF074ABB}.Release|ARM64.Build.0 = Release|ARM64
		{3BCF3770-DCD9-4755-9BA8-C392AF074ABB}.Release|ARM64.Deploy.0 = Release|ARM64
		{3BCF3770-DCD9-4755-9BA8-C392AF074ABB}.Release|x64.ActiveCfg = Release|x64
		{3BCF3770-DCD9-4755-9BA8-C392AF074ABB}.Release|x64.Build.0 = Release|x64
		{3BCF3770-DCD9-4755-9BA8-C392AF074ABB}.Release|x64.Deploy.0 = Release|x64
		{3BCF3770-DCD9-4755-9BA8-C392AF074ABB}.Release|x86.ActiveCfg = Release|x86
		{3BCF3770-DCD9-4755-9BA8-C392AF074ABB}.Release|x86.Build.0 = Release|x86
		{3BCF3770-DCD9-4755-9BA8-C392AF074ABB}.Release|x86.Deploy.0 = Release|x86
		{05C7555E-7307-40EF-9081-DD7B820E878F}.Debug|Any CPU.ActiveCfg = Debug|Any CPU
		{05C7555E-7307-40EF-9081-DD7B820E878F}.Debug|Any CPU.Build.0 = Debug|Any CPU
		{05C7555E-7307-40EF-9081-DD7B820E878F}.Debug|ARM.ActiveCfg = Debug|Any CPU
		{05C7555E-7307-40EF-9081-DD7B820E878F}.Debug|ARM.Build.0 = Debug|Any CPU
		{05C7555E-7307-40EF-9081-DD7B820E878F}.Debug|ARM64.ActiveCfg = Debug|Any CPU
		{05C7555E-7307-40EF-9081-DD7B820E878F}.Debug|ARM64.Build.0 = Debug|Any CPU
		{05C7555E-7307-40EF-9081-DD7B820E878F}.Debug|x64.ActiveCfg = Debug|Any CPU
		{05C7555E-7307-40EF-9081-DD7B820E878F}.Debug|x64.Build.0 = Debug|Any CPU
		{05C7555E-7307-40EF-9081-DD7B820E878F}.Debug|x86.ActiveCfg = Debug|Any CPU
		{05C7555E-7307-40EF-9081-DD7B820E878F}.Debug|x86.Build.0 = Debug|Any CPU
		{05C7555E-7307-40EF-9081-DD7B820E878F}.Release|Any CPU.ActiveCfg = Release|Any CPU
		{05C7555E-7307-40EF-9081-DD7B820E878F}.Release|Any CPU.Build.0 = Release|Any CPU
		{05C7555E-7307-40EF-9081-DD7B820E878F}.Release|ARM.ActiveCfg = Release|Any CPU
		{05C7555E-7307-40EF-9081-DD7B820E878F}.Release|ARM.Build.0 = Release|Any CPU
		{05C7555E-7307-40EF-9081-DD7B820E878F}.Release|ARM64.ActiveCfg = Release|Any CPU
		{05C7555E-7307-40EF-9081-DD7B820E878F}.Release|ARM64.Build.0 = Release|Any CPU
		{05C7555E-7307-40EF-9081-DD7B820E878F}.Release|x64.ActiveCfg = Release|Any CPU
		{05C7555E-7307-40EF-9081-DD7B820E878F}.Release|x64.Build.0 = Release|Any CPU
		{05C7555E-7307-40EF-9081-DD7B820E878F}.Release|x86.ActiveCfg = Release|Any CPU
		{05C7555E-7307-40EF-9081-DD7B820E878F}.Release|x86.Build.0 = Release|Any CPU
		{DE576FA8-0781-4378-87DC-CF93E30A08D9}.Debug|Any CPU.ActiveCfg = Debug|Any CPU
		{DE576FA8-0781-4378-87DC-CF93E30A08D9}.Debug|Any CPU.Build.0 = Debug|Any CPU
		{DE576FA8-0781-4378-87DC-CF93E30A08D9}.Debug|ARM.ActiveCfg = Debug|Any CPU
		{DE576FA8-0781-4378-87DC-CF93E30A08D9}.Debug|ARM.Build.0 = Debug|Any CPU
		{DE576FA8-0781-4378-87DC-CF93E30A08D9}.Debug|ARM64.ActiveCfg = Debug|Any CPU
		{DE576FA8-0781-4378-87DC-CF93E30A08D9}.Debug|ARM64.Build.0 = Debug|Any CPU
		{DE576FA8-0781-4378-87DC-CF93E30A08D9}.Debug|x64.ActiveCfg = Debug|Any CPU
		{DE576FA8-0781-4378-87DC-CF93E30A08D9}.Debug|x64.Build.0 = Debug|Any CPU
		{DE576FA8-0781-4378-87DC-CF93E30A08D9}.Debug|x86.ActiveCfg = Debug|Any CPU
		{DE576FA8-0781-4378-87DC-CF93E30A08D9}.Debug|x86.Build.0 = Debug|Any CPU
		{DE576FA8-0781-4378-87DC-CF93E30A08D9}.Release|Any CPU.ActiveCfg = Release|Any CPU
		{DE576FA8-0781-4378-87DC-CF93E30A08D9}.Release|Any CPU.Build.0 = Release|Any CPU
		{DE576FA8-0781-4378-87DC-CF93E30A08D9}.Release|ARM.ActiveCfg = Release|Any CPU
		{DE576FA8-0781-4378-87DC-CF93E30A08D9}.Release|ARM.Build.0 = Release|Any CPU
		{DE576FA8-0781-4378-87DC-CF93E30A08D9}.Release|ARM64.ActiveCfg = Release|Any CPU
		{DE576FA8-0781-4378-87DC-CF93E30A08D9}.Release|ARM64.Build.0 = Release|Any CPU
		{DE576FA8-0781-4378-87DC-CF93E30A08D9}.Release|x64.ActiveCfg = Release|Any CPU
		{DE576FA8-0781-4378-87DC-CF93E30A08D9}.Release|x64.Build.0 = Release|Any CPU
		{DE576FA8-0781-4378-87DC-CF93E30A08D9}.Release|x86.ActiveCfg = Release|Any CPU
		{DE576FA8-0781-4378-87DC-CF93E30A08D9}.Release|x86.Build.0 = Release|Any CPU
		{B3546E50-4BE1-4E9A-A189-FD7AE0020147}.Debug|Any CPU.ActiveCfg = Debug|Any CPU
		{B3546E50-4BE1-4E9A-A189-FD7AE0020147}.Debug|Any CPU.Build.0 = Debug|Any CPU
		{B3546E50-4BE1-4E9A-A189-FD7AE0020147}.Debug|ARM.ActiveCfg = Debug|Any CPU
		{B3546E50-4BE1-4E9A-A189-FD7AE0020147}.Debug|ARM.Build.0 = Debug|Any CPU
		{B3546E50-4BE1-4E9A-A189-FD7AE0020147}.Debug|ARM64.ActiveCfg = Debug|Any CPU
		{B3546E50-4BE1-4E9A-A189-FD7AE0020147}.Debug|ARM64.Build.0 = Debug|Any CPU
		{B3546E50-4BE1-4E9A-A189-FD7AE0020147}.Debug|x64.ActiveCfg = Debug|Any CPU
		{B3546E50-4BE1-4E9A-A189-FD7AE0020147}.Debug|x64.Build.0 = Debug|Any CPU
		{B3546E50-4BE1-4E9A-A189-FD7AE0020147}.Debug|x86.ActiveCfg = Debug|Any CPU
		{B3546E50-4BE1-4E9A-A189-FD7AE0020147}.Debug|x86.Build.0 = Debug|Any CPU
		{B3546E50-4BE1-4E9A-A189-FD7AE0020147}.Release|Any CPU.ActiveCfg = Release|Any CPU
		{B3546E50-4BE1-4E9A-A189-FD7AE0020147}.Release|Any CPU.Build.0 = Release|Any CPU
		{B3546E50-4BE1-4E9A-A189-FD7AE0020147}.Release|ARM.ActiveCfg = Release|Any CPU
		{B3546E50-4BE1-4E9A-A189-FD7AE0020147}.Release|ARM.Build.0 = Release|Any CPU
		{B3546E50-4BE1-4E9A-A189-FD7AE0020147}.Release|ARM64.ActiveCfg = Release|Any CPU
		{B3546E50-4BE1-4E9A-A189-FD7AE0020147}.Release|ARM64.Build.0 = Release|Any CPU
		{B3546E50-4BE1-4E9A-A189-FD7AE0020147}.Release|x64.ActiveCfg = Release|Any CPU
		{B3546E50-4BE1-4E9A-A189-FD7AE0020147}.Release|x64.Build.0 = Release|Any CPU
		{B3546E50-4BE1-4E9A-A189-FD7AE0020147}.Release|x86.ActiveCfg = Release|Any CPU
		{B3546E50-4BE1-4E9A-A189-FD7AE0020147}.Release|x86.Build.0 = Release|Any CPU
	EndGlobalSection
	GlobalSection(SolutionProperties) = preSolution
		HideSolutionNode = FALSE
	EndGlobalSection
	GlobalSection(ExtensibilityGlobals) = postSolution
		SolutionGuid = {88159AC3-E564-48F3-9F57-7B266CC42B0B}
	EndGlobalSection
EndGlobal
