
Microsoft Visual Studio Solution File, Format Version 12.00
# Visual Studio 15
VisualStudioVersion = 15.0.28307.421
MinimumVisualStudioVersion = 10.0.40219.1
Project("{9A19103F-16F7-4668-BE54-9A1E7A4F7556}") = "HeartDiseaseDetectionConsoleApp", "HeartDiseaseDetection\HeartDiseaseDetectionConsoleApp\HeartDiseaseDetectionConsoleApp.csproj", "{0B5B3AC0-85F1-48A2-A50F-EFE1FA49B08F}"
EndProject
Global
	GlobalSection(SolutionConfigurationPlatforms) = preSolution
		Debug|Any CPU = Debug|Any CPU
		Release|Any CPU = Release|Any CPU
	EndGlobalSection
	GlobalSection(ProjectConfigurationPlatforms) = postSolution
		{0B5B3AC0-85F1-48A2-A50F-EFE1FA49B08F}.Debug|Any CPU.ActiveCfg = Debug|Any CPU
		{0B5B3AC0-85F1-48A2-A50F-EFE1FA49B08F}.Debug|Any CPU.Build.0 = Debug|Any CPU
		{0B5B3AC0-85F1-48A2-A50F-EFE1FA49B08F}.Release|Any CPU.ActiveCfg = Release|Any CPU
		{0B5B3AC0-85F1-48A2-A50F-EFE1FA49B08F}.Release|Any CPU.Build.0 = Release|Any CPU
	EndGlobalSection
	GlobalSection(SolutionProperties) = preSolution
		HideSolutionNode = FALSE
	EndGlobalSection
	GlobalSection(ExtensibilityGlobals) = postSolution
		SolutionGuid = {9B0F9C47-DF3D-48C5-B08B-46166BD71E75}
	EndGlobalSection
EndGlobal
