
Microsoft Visual Studio Solution File, Format Version 12.00
# Visual Studio 15
VisualStudioVersion = 15.0.28307.421
MinimumVisualStudioVersion = 10.0.40219.1
Project("{9A19103F-16F7-4668-BE54-9A1E7A4F7556}") = "HeartDiseaseDetection", "HeartDiseaseDetection\HeartDiseaseDetection\HeartDiseaseDetection.csproj", "{63547EE4-D933-4F44-8E26-B6966CF1C5F4}"
EndProject
Global
	GlobalSection(SolutionConfigurationPlatforms) = preSolution
		Debug|Any CPU = Debug|Any CPU
		Release|Any CPU = Release|Any CPU
	EndGlobalSection
	GlobalSection(ProjectConfigurationPlatforms) = postSolution
		{63547EE4-D933-4F44-8E26-B6966CF1C5F4}.Debug|Any CPU.ActiveCfg = Debug|Any CPU
		{63547EE4-D933-4F44-8E26-B6966CF1C5F4}.Debug|Any CPU.Build.0 = Debug|Any CPU
		{63547EE4-D933-4F44-8E26-B6966CF1C5F4}.Release|Any CPU.ActiveCfg = Release|Any CPU
		{63547EE4-D933-4F44-8E26-B6966CF1C5F4}.Release|Any CPU.Build.0 = Release|Any CPU
	EndGlobalSection
	GlobalSection(SolutionProperties) = preSolution
		HideSolutionNode = FALSE
	EndGlobalSection
	GlobalSection(ExtensibilityGlobals) = postSolution
		SolutionGuid = {9B0F9C47-DF3D-48C5-B08B-46166BD71E75}
	EndGlobalSection
EndGlobal
