
Microsoft Visual Studio Solution File, Format Version 12.00
# Visual Studio Version 16
VisualStudioVersion = 16.0.30509.190
MinimumVisualStudioVersion = 10.0.40219.1
Project("{FAE04EC0-301F-11D3-BF4B-00C04F79EFBC}") = "Ranking", "Ranking\Ranking.csproj", "{F25640E5-1CF4-4AAE-87E1-73E45F72C1BC}"
EndProject
Global
	GlobalSection(SolutionConfigurationPlatforms) = preSolution
		Debug|Any CPU = Debug|Any CPU
		Release|Any CPU = Release|Any CPU
	EndGlobalSection
	GlobalSection(ProjectConfigurationPlatforms) = postSolution
		{F25640E5-1CF4-4AAE-87E1-73E45F72C1BC}.Debug|Any CPU.ActiveCfg = Debug|Any CPU
		{F25640E5-1CF4-4AAE-87E1-73E45F72C1BC}.Debug|Any CPU.Build.0 = Debug|Any CPU
		{F25640E5-1CF4-4AAE-87E1-73E45F72C1BC}.Release|Any CPU.ActiveCfg = Release|Any CPU
		{F25640E5-1CF4-4AAE-87E1-73E45F72C1BC}.Release|Any CPU.Build.0 = Release|Any CPU
	EndGlobalSection
	GlobalSection(SolutionProperties) = preSolution
		HideSolutionNode = FALSE
	EndGlobalSection
	GlobalSection(ExtensibilityGlobals) = postSolution
		SolutionGuid = {7A2EA918-DD10-41BB-B19B-F53EE61EF7D3}
	EndGlobalSection
EndGlobal
