
Microsoft Visual Studio Solution File, Format Version 12.00
# Visual Studio 15
Project("{f2a71f9b-5d33-465a-a702-920d77279786}") = "CustomerSegmentation.Train", "CustomerSegmentation.Train\CustomerSegmentation.Train.fsproj", "{03DAE471-F9BD-4337-BB14-C4C9ABB2A6B1}"
EndProject
Project("{f2a71f9b-5d33-465a-a702-920d77279786}") = "CustomerSegmentation.Predict", "CustomerSegmentation.Predict\CustomerSegmentation.Predict.fsproj", "{8606794B-8AE4-4F44-89BE-5408A85D9188}"
EndProject
Global
	GlobalSection(SolutionConfigurationPlatforms) = preSolution
		Debug|Any CPU = Debug|Any CPU
		Release|Any CPU = Release|Any CPU
	EndGlobalSection
	GlobalSection(ProjectConfigurationPlatforms) = postSolution
		{03DAE471-F9BD-4337-BB14-C4C9ABB2A6B1}.Debug|Any CPU.ActiveCfg = Debug|Any CPU
		{03DAE471-F9BD-4337-BB14-C4C9ABB2A6B1}.Debug|Any CPU.Build.0 = Debug|Any CPU
		{03DAE471-F9BD-4337-BB14-C4C9ABB2A6B1}.Release|Any CPU.ActiveCfg = Release|Any CPU
		{03DAE471-F9BD-4337-BB14-C4C9ABB2A6B1}.Release|Any CPU.Build.0 = Release|Any CPU
		{8606794B-8AE4-4F44-89BE-5408A85D9188}.Debug|Any CPU.ActiveCfg = Debug|Any CPU
		{8606794B-8AE4-4F44-89BE-5408A85D9188}.Debug|Any CPU.Build.0 = Debug|Any CPU
		{8606794B-8AE4-4F44-89BE-5408A85D9188}.Release|Any CPU.ActiveCfg = Release|Any CPU
		{8606794B-8AE4-4F44-89BE-5408A85D9188}.Release|Any CPU.Build.0 = Release|Any CPU
	EndGlobalSection
EndGlobal
