
Microsoft Visual Studio Solution File, Format Version 12.00
# Visual Studio 15
VisualStudioVersion = 15.0.28010.2041
MinimumVisualStudioVersion = 10.0.40219.1
Project("{FAE04EC0-301F-11D3-BF4B-00C04F79EFBC}") = "DatabaseIntegration", "DatabaseIntegration\DatabaseIntegration.csproj", "{E0EA9351-CD82-485F-94DD-5EA500814943}"
EndProject
Global
	GlobalSection(SolutionConfigurationPlatforms) = preSolution
		Debug|Any CPU = Debug|Any CPU
		Release|Any CPU = Release|Any CPU
	EndGlobalSection
	GlobalSection(ProjectConfigurationPlatforms) = postSolution
		{E0EA9351-CD82-485F-94DD-5EA500814943}.Debug|Any CPU.ActiveCfg = Debug|Any CPU
		{E0EA9351-CD82-485F-94DD-5EA500814943}.Debug|Any CPU.Build.0 = Debug|Any CPU
		{E0EA9351-CD82-485F-94DD-5EA500814943}.Release|Any CPU.ActiveCfg = Release|Any CPU
		{E0EA9351-CD82-485F-94DD-5EA500814943}.Release|Any CPU.Build.0 = Release|Any CPU
	EndGlobalSection
	GlobalSection(SolutionProperties) = preSolution
		HideSolutionNode = FALSE
	EndGlobalSection
	GlobalSection(ExtensibilityGlobals) = postSolution
		SolutionGuid = {5B3ACA76-DA8A-40E8-A097-B51EF1BB9D12}
	EndGlobalSection
EndGlobal
