
Microsoft Visual Studio Solution File, Format Version 12.00
# Visual Studio 15
VisualStudioVersion = 15.0.28010.2016
MinimumVisualStudioVersion = 10.0.40219.1
Project("{9A19103F-16F7-4668-BE54-9A1E7A4F7556}") = "ImageClassification.Score", "ImageClassification\ImageClassification.Score.csproj", "{E7A34F9D-8729-4B36-A31D-FDFB559132DA}"
EndProject
Global
	GlobalSection(SolutionConfigurationPlatforms) = preSolution
		Debug|Any CPU = Debug|Any CPU
		Release|Any CPU = Release|Any CPU
	EndGlobalSection
	GlobalSection(ProjectConfigurationPlatforms) = postSolution
		{E7A34F9D-8729-4B36-A31D-FDFB559132DA}.Debug|Any CPU.ActiveCfg = Debug|Any CPU
		{E7A34F9D-8729-4B36-A31D-FDFB559132DA}.Debug|Any CPU.Build.0 = Debug|Any CPU
		{E7A34F9D-8729-4B36-A31D-FDFB559132DA}.Release|Any CPU.ActiveCfg = Release|Any CPU
		{E7A34F9D-8729-4B36-A31D-FDFB559132DA}.Release|Any CPU.Build.0 = Release|Any CPU
	EndGlobalSection
	GlobalSection(SolutionProperties) = preSolution
		HideSolutionNode = FALSE
	EndGlobalSection
	GlobalSection(ExtensibilityGlobals) = postSolution
		SolutionGuid = {84376479-2F0D-47D0-8289-C6E941D8B1B9}
	EndGlobalSection
EndGlobal
