
Microsoft Visual Studio Solution File, Format Version 12.00
# Visual Studio Version 16
VisualStudioVersion = 16.0.29411.108
MinimumVisualStudioVersion = 10.0.40219.1
Project("{F2A71F9B-5D33-465A-A702-920D77279786}") = "DeepLearning_ImageClassification_Multiclass", "DeepLearning_ImageClassification_Multiclass\DeepLearning_ImageClassification_Multiclass.fsproj", "{C9206C21-0796-4F21-BF6E-54C6B3F36452}"
EndProject
Global
	GlobalSection(SolutionConfigurationPlatforms) = preSolution
		Debug|Any CPU = Debug|Any CPU
		Release|Any CPU = Release|Any CPU
	EndGlobalSection
	GlobalSection(ProjectConfigurationPlatforms) = postSolution
		{C9206C21-0796-4F21-BF6E-54C6B3F36452}.Debug|Any CPU.ActiveCfg = Debug|Any CPU
		{C9206C21-0796-4F21-BF6E-54C6B3F36452}.Debug|Any CPU.Build.0 = Debug|Any CPU
		{C9206C21-0796-4F21-BF6E-54C6B3F36452}.Release|Any CPU.ActiveCfg = Release|Any CPU
		{C9206C21-0796-4F21-BF6E-54C6B3F36452}.Release|Any CPU.Build.0 = Release|Any CPU
	EndGlobalSection
	GlobalSection(SolutionProperties) = preSolution
		HideSolutionNode = FALSE
	EndGlobalSection
	GlobalSection(ExtensibilityGlobals) = postSolution
		SolutionGuid = {8E1F56C3-19C2-42E9-A797-5CCF5FD5CF0A}
	EndGlobalSection
EndGlobal
