
Microsoft Visual Studio Solution File, Format Version 12.00
# Visual Studio 15
VisualStudioVersion = 15.0.28307.106
MinimumVisualStudioVersion = 10.0.40219.1
Project("{F2A71F9B-5D33-465A-A702-920D77279786}") = "CreditCardFraudDetection", "CreditCardFraudDetection\CreditCardFraudDetection.fsproj", "{1681B36C-3E8B-4729-916C-EAC1A652B369}"
EndProject
Global
	GlobalSection(SolutionConfigurationPlatforms) = preSolution
		Debug|Any CPU = Debug|Any CPU
		Release|Any CPU = Release|Any CPU
	EndGlobalSection
	GlobalSection(ProjectConfigurationPlatforms) = postSolution
		{1681B36C-3E8B-4729-916C-EAC1A652B369}.Debug|Any CPU.ActiveCfg = Debug|Any CPU
		{1681B36C-3E8B-4729-916C-EAC1A652B369}.Debug|Any CPU.Build.0 = Debug|Any CPU
		{1681B36C-3E8B-4729-916C-EAC1A652B369}.Release|Any CPU.ActiveCfg = Release|Any CPU
		{1681B36C-3E8B-4729-916C-EAC1A652B369}.Release|Any CPU.Build.0 = Release|Any CPU
	EndGlobalSection
	GlobalSection(SolutionProperties) = preSolution
		HideSolutionNode = FALSE
	EndGlobalSection
	GlobalSection(ExtensibilityGlobals) = postSolution
		SolutionGuid = {AFA794E8-099D-4DCD-8454-2B746EFD0567}
	EndGlobalSection
EndGlobal
