Microsoft Visual Studio Solution File, Format Version 12.00
# Visual Studio 15
VisualStudioVersion = 15.0.28010.2026
MinimumVisualStudioVersion = 10.0.40219.1
Project("{9A19103F-16F7-4668-BE54-9A1E7A4F7556}") = "Regression_TaxiFarePrediction", "TaxiFarePrediction\TaxiFarePrediction.csproj", "{A42AB956-F333-4A8E-9022-B9B5F298AC58}"
EndProject
Global
	GlobalSection(SolutionConfigurationPlatforms) = preSolution
		Debug|Any CPU = Debug|Any CPU
		Release|Any CPU = Release|Any CPU
	EndGlobalSection
	GlobalSection(ProjectConfigurationPlatforms) = postSolution
		{A42AB956-F333-4A8E-9022-B9B5F298AC58}.Debug|Any CPU.ActiveCfg = Debug|Any CPU
		{A42AB956-F333-4A8E-9022-B9B5F298AC58}.Debug|Any CPU.Build.0 = Debug|Any CPU
		{A42AB956-F333-4A8E-9022-B9B5F298AC58}.Release|Any CPU.ActiveCfg = Release|Any CPU
		{A42AB956-F333-4A8E-9022-B9B5F298AC58}.Release|Any CPU.Build.0 = Release|Any CPU
	EndGlobalSection
	GlobalSection(SolutionProperties) = preSolution
		HideSolutionNode = FALSE
	EndGlobalSection
	GlobalSection(ExtensibilityGlobals) = postSolution
		SolutionGuid = {03B2ECD4-DB23-45C5-B653-8143F58FACB2}
	EndGlobalSection
EndGlobal
